// !$*UTF8*$!
{
	archiveVersion = 1;
	classes = {
	};
	objectVersion = 46;
	objects = {

/* Begin PBXBuildFile section */
		0546E566175E0FB500A8BF38 /* UIKit.framework in Frameworks */ = {isa = PBXBuildFile; fileRef = 0546E565175E0FB500A8BF38 /* UIKit.framework */; };
		0546E568175E0FB500A8BF38 /* Foundation.framework in Frameworks */ = {isa = PBXBuildFile; fileRef = 0546E567175E0FB500A8BF38 /* Foundation.framework */; };
		0546E56A175E0FB500A8BF38 /* CoreGraphics.framework in Frameworks */ = {isa = PBXBuildFile; fileRef = 0546E569175E0FB500A8BF38 /* CoreGraphics.framework */; };
		0546E570175E0FB500A8BF38 /* InfoPlist.strings in Resources */ = {isa = PBXBuildFile; fileRef = 0546E56E175E0FB500A8BF38 /* InfoPlist.strings */; };
		0546E572175E0FB500A8BF38 /* main.m in Sources */ = {isa = PBXBuildFile; fileRef = 0546E571175E0FB500A8BF38 /* main.m */; };
		0546E576175E0FB500A8BF38 /* TCAppDelegate.m in Sources */ = {isa = PBXBuildFile; fileRef = 0546E575175E0FB500A8BF38 /* TCAppDelegate.m */; };
		0546E578175E0FB500A8BF38 /* Default.png in Resources */ = {isa = PBXBuildFile; fileRef = 0546E577175E0FB500A8BF38 /* Default.png */; };
		0546E57A175E0FB500A8BF38 /* Default@2x.png in Resources */ = {isa = PBXBuildFile; fileRef = 0546E579175E0FB500A8BF38 /* Default@2x.png */; };
		0546E57C175E0FB500A8BF38 /* Default-568h@2x.png in Resources */ = {isa = PBXBuildFile; fileRef = 0546E57B175E0FB500A8BF38 /* Default-568h@2x.png */; };
		0546E57F175E0FB500A8BF38 /* MainStoryboard.storyboard in Resources */ = {isa = PBXBuildFile; fileRef = 0546E57D175E0FB500A8BF38 /* MainStoryboard.storyboard */; };
		0546E582175E0FB500A8BF38 /* TCActivitiesViewController.m in Sources */ = {isa = PBXBuildFile; fileRef = 0546E581175E0FB500A8BF38 /* TCActivitiesViewController.m */; };
		0546E584175E0FB500A8BF38 /* first.png in Resources */ = {isa = PBXBuildFile; fileRef = 0546E583175E0FB500A8BF38 /* first.png */; };
		0546E586175E0FB500A8BF38 /* first@2x.png in Resources */ = {isa = PBXBuildFile; fileRef = 0546E585175E0FB500A8BF38 /* first@2x.png */; };
		0546E589175E0FB500A8BF38 /* TCCategoriesViewController.m in Sources */ = {isa = PBXBuildFile; fileRef = 0546E588175E0FB500A8BF38 /* TCCategoriesViewController.m */; };
		0546E58B175E0FB500A8BF38 /* second.png in Resources */ = {isa = PBXBuildFile; fileRef = 0546E58A175E0FB500A8BF38 /* second.png */; };
		0546E58D175E0FB500A8BF38 /* second@2x.png in Resources */ = {isa = PBXBuildFile; fileRef = 0546E58C175E0FB500A8BF38 /* second@2x.png */; };
		0546E597175E18CB00A8BF38 /* TCActivityTableViewCell.m in Sources */ = {isa = PBXBuildFile; fileRef = 0546E596175E18CB00A8BF38 /* TCActivityTableViewCell.m */; };
		0546E5AC175E1BF200A8BF38 /* AFHTTPClient.m in Sources */ = {isa = PBXBuildFile; fileRef = 0546E59A175E1BF200A8BF38 /* AFHTTPClient.m */; };
		0546E5AD175E1BF200A8BF38 /* AFHTTPRequestOperation.m in Sources */ = {isa = PBXBuildFile; fileRef = 0546E59C175E1BF200A8BF38 /* AFHTTPRequestOperation.m */; };
		0546E5AE175E1BF200A8BF38 /* AFImageRequestOperation.m in Sources */ = {isa = PBXBuildFile; fileRef = 0546E59E175E1BF200A8BF38 /* AFImageRequestOperation.m */; };
		0546E5AF175E1BF200A8BF38 /* AFJSONRequestOperation.m in Sources */ = {isa = PBXBuildFile; fileRef = 0546E5A0175E1BF200A8BF38 /* AFJSONRequestOperation.m */; };
		0546E5B0175E1BF200A8BF38 /* AFNetworkActivityIndicatorManager.m in Sources */ = {isa = PBXBuildFile; fileRef = 0546E5A2175E1BF200A8BF38 /* AFNetworkActivityIndicatorManager.m */; };
		0546E5B1175E1BF200A8BF38 /* AFPropertyListRequestOperation.m in Sources */ = {isa = PBXBuildFile; fileRef = 0546E5A5175E1BF200A8BF38 /* AFPropertyListRequestOperation.m */; };
		0546E5B2175E1BF200A8BF38 /* AFURLConnectionOperation.m in Sources */ = {isa = PBXBuildFile; fileRef = 0546E5A7175E1BF200A8BF38 /* AFURLConnectionOperation.m */; };
		0546E5B3175E1BF200A8BF38 /* AFXMLRequestOperation.m in Sources */ = {isa = PBXBuildFile; fileRef = 0546E5A9175E1BF200A8BF38 /* AFXMLRequestOperation.m */; };
		0546E5B4175E1BF200A8BF38 /* UIImageView+AFNetworking.m in Sources */ = {isa = PBXBuildFile; fileRef = 0546E5AB175E1BF200A8BF38 /* UIImageView+AFNetworking.m */; };
		0546E5B8175E263700A8BF38 /* TCObject.m in Sources */ = {isa = PBXBuildFile; fileRef = 0546E5B7175E263700A8BF38 /* TCObject.m */; };
		0546E5BB175E277A00A8BF38 /* TCActivity.m in Sources */ = {isa = PBXBuildFile; fileRef = 0546E5BA175E277A00A8BF38 /* TCActivity.m */; };
		0546E5C4175E36A100A8BF38 /* TCActivityDetailViewController.m in Sources */ = {isa = PBXBuildFile; fileRef = 0546E5C3175E36A000A8BF38 /* TCActivityDetailViewController.m */; };
		0546E5CD175E50E200A8BF38 /* TCVelibContract.m in Sources */ = {isa = PBXBuildFile; fileRef = 0546E5CC175E50E200A8BF38 /* TCVelibContract.m */; };
		0546E5D3175FFF7900A8BF38 /* TCTchillrServerClient.m in Sources */ = {isa = PBXBuildFile; fileRef = 0546E5D2175FFF7800A8BF38 /* TCTchillrServerClient.m */; };
		0546E5D617601D2B00A8BF38 /* TCCategory.m in Sources */ = {isa = PBXBuildFile; fileRef = 0546E5D517601D2A00A8BF38 /* TCCategory.m */; };
		0546E5DB1760249400A8BF38 /* TCCategoryTableViewCell.m in Sources */ = {isa = PBXBuildFile; fileRef = 0546E5DA1760249400A8BF38 /* TCCategoryTableViewCell.m */; };
/* End PBXBuildFile section */

/* Begin PBXFileReference section */
		0546E562175E0FB500A8BF38 /* TCClient.app */ = {isa = PBXFileReference; explicitFileType = wrapper.application; includeInIndex = 0; path = TCClient.app; sourceTree = BUILT_PRODUCTS_DIR; };
		0546E565175E0FB500A8BF38 /* UIKit.framework */ = {isa = PBXFileReference; lastKnownFileType = wrapper.framework; name = UIKit.framework; path = System/Library/Frameworks/UIKit.framework; sourceTree = SDKROOT; };
		0546E567175E0FB500A8BF38 /* Foundation.framework */ = {isa = PBXFileReference; lastKnownFileType = wrapper.framework; name = Foundation.framework; path = System/Library/Frameworks/Foundation.framework; sourceTree = SDKROOT; };
		0546E569175E0FB500A8BF38 /* CoreGraphics.framework */ = {isa = PBXFileReference; lastKnownFileType = wrapper.framework; name = CoreGraphics.framework; path = System/Library/Frameworks/CoreGraphics.framework; sourceTree = SDKROOT; };
		0546E56D175E0FB500A8BF38 /* TCClient-Info.plist */ = {isa = PBXFileReference; lastKnownFileType = text.plist.xml; path = "TCClient-Info.plist"; sourceTree = "<group>"; };
		0546E56F175E0FB500A8BF38 /* en */ = {isa = PBXFileReference; lastKnownFileType = text.plist.strings; name = en; path = en.lproj/InfoPlist.strings; sourceTree = "<group>"; };
		0546E571175E0FB500A8BF38 /* main.m */ = {isa = PBXFileReference; lastKnownFileType = sourcecode.c.objc; path = main.m; sourceTree = "<group>"; };
		0546E573175E0FB500A8BF38 /* TCClient-Prefix.pch */ = {isa = PBXFileReference; lastKnownFileType = sourcecode.c.h; path = "TCClient-Prefix.pch"; sourceTree = "<group>"; };
		0546E574175E0FB500A8BF38 /* TCAppDelegate.h */ = {isa = PBXFileReference; lastKnownFileType = sourcecode.c.h; path = TCAppDelegate.h; sourceTree = "<group>"; };
		0546E575175E0FB500A8BF38 /* TCAppDelegate.m */ = {isa = PBXFileReference; lastKnownFileType = sourcecode.c.objc; path = TCAppDelegate.m; sourceTree = "<group>"; };
		0546E577175E0FB500A8BF38 /* Default.png */ = {isa = PBXFileReference; lastKnownFileType = image.png; path = Default.png; sourceTree = "<group>"; };
		0546E579175E0FB500A8BF38 /* Default@2x.png */ = {isa = PBXFileReference; lastKnownFileType = image.png; path = "Default@2x.png"; sourceTree = "<group>"; };
		0546E57B175E0FB500A8BF38 /* Default-568h@2x.png */ = {isa = PBXFileReference; lastKnownFileType = image.png; path = "Default-568h@2x.png"; sourceTree = "<group>"; };
		0546E57E175E0FB500A8BF38 /* en */ = {isa = PBXFileReference; lastKnownFileType = file.storyboard; name = en; path = en.lproj/MainStoryboard.storyboard; sourceTree = "<group>"; };
		0546E580175E0FB500A8BF38 /* TCActivitiesViewController.h */ = {isa = PBXFileReference; lastKnownFileType = sourcecode.c.h; path = TCActivitiesViewController.h; sourceTree = "<group>"; };
		0546E581175E0FB500A8BF38 /* TCActivitiesViewController.m */ = {isa = PBXFileReference; lastKnownFileType = sourcecode.c.objc; path = TCActivitiesViewController.m; sourceTree = "<group>"; };
		0546E583175E0FB500A8BF38 /* first.png */ = {isa = PBXFileReference; lastKnownFileType = image.png; path = first.png; sourceTree = "<group>"; };
		0546E585175E0FB500A8BF38 /* first@2x.png */ = {isa = PBXFileReference; lastKnownFileType = image.png; path = "first@2x.png"; sourceTree = "<group>"; };
		0546E587175E0FB500A8BF38 /* TCCategoriesViewController.h */ = {isa = PBXFileReference; lastKnownFileType = sourcecode.c.h; path = TCCategoriesViewController.h; sourceTree = "<group>"; };
		0546E588175E0FB500A8BF38 /* TCCategoriesViewController.m */ = {isa = PBXFileReference; lastKnownFileType = sourcecode.c.objc; path = TCCategoriesViewController.m; sourceTree = "<group>"; };
		0546E58A175E0FB500A8BF38 /* second.png */ = {isa = PBXFileReference; lastKnownFileType = image.png; path = second.png; sourceTree = "<group>"; };
		0546E58C175E0FB500A8BF38 /* second@2x.png */ = {isa = PBXFileReference; lastKnownFileType = image.png; path = "second@2x.png"; sourceTree = "<group>"; };
		0546E595175E18CB00A8BF38 /* TCActivityTableViewCell.h */ = {isa = PBXFileReference; fileEncoding = 4; lastKnownFileType = sourcecode.c.h; path = TCActivityTableViewCell.h; sourceTree = "<group>"; };
		0546E596175E18CB00A8BF38 /* TCActivityTableViewCell.m */ = {isa = PBXFileReference; fileEncoding = 4; lastKnownFileType = sourcecode.c.objc; path = TCActivityTableViewCell.m; sourceTree = "<group>"; };
		0546E599175E1BF200A8BF38 /* AFHTTPClient.h */ = {isa = PBXFileReference; fileEncoding = 4; lastKnownFileType = sourcecode.c.h; path = AFHTTPClient.h; sourceTree = "<group>"; };
		0546E59A175E1BF200A8BF38 /* AFHTTPClient.m */ = {isa = PBXFileReference; fileEncoding = 4; lastKnownFileType = sourcecode.c.objc; path = AFHTTPClient.m; sourceTree = "<group>"; };
		0546E59B175E1BF200A8BF38 /* AFHTTPRequestOperation.h */ = {isa = PBXFileReference; fileEncoding = 4; lastKnownFileType = sourcecode.c.h; path = AFHTTPRequestOperation.h; sourceTree = "<group>"; };
		0546E59C175E1BF200A8BF38 /* AFHTTPRequestOperation.m */ = {isa = PBXFileReference; fileEncoding = 4; lastKnownFileType = sourcecode.c.objc; path = AFHTTPRequestOperation.m; sourceTree = "<group>"; };
		0546E59D175E1BF200A8BF38 /* AFImageRequestOperation.h */ = {isa = PBXFileReference; fileEncoding = 4; lastKnownFileType = sourcecode.c.h; path = AFImageRequestOperation.h; sourceTree = "<group>"; };
		0546E59E175E1BF200A8BF38 /* AFImageRequestOperation.m */ = {isa = PBXFileReference; fileEncoding = 4; lastKnownFileType = sourcecode.c.objc; path = AFImageRequestOperation.m; sourceTree = "<group>"; };
		0546E59F175E1BF200A8BF38 /* AFJSONRequestOperation.h */ = {isa = PBXFileReference; fileEncoding = 4; lastKnownFileType = sourcecode.c.h; path = AFJSONRequestOperation.h; sourceTree = "<group>"; };
		0546E5A0175E1BF200A8BF38 /* AFJSONRequestOperation.m */ = {isa = PBXFileReference; fileEncoding = 4; lastKnownFileType = sourcecode.c.objc; path = AFJSONRequestOperation.m; sourceTree = "<group>"; };
		0546E5A1175E1BF200A8BF38 /* AFNetworkActivityIndicatorManager.h */ = {isa = PBXFileReference; fileEncoding = 4; lastKnownFileType = sourcecode.c.h; path = AFNetworkActivityIndicatorManager.h; sourceTree = "<group>"; };
		0546E5A2175E1BF200A8BF38 /* AFNetworkActivityIndicatorManager.m */ = {isa = PBXFileReference; fileEncoding = 4; lastKnownFileType = sourcecode.c.objc; path = AFNetworkActivityIndicatorManager.m; sourceTree = "<group>"; };
		0546E5A3175E1BF200A8BF38 /* AFNetworking.h */ = {isa = PBXFileReference; fileEncoding = 4; lastKnownFileType = sourcecode.c.h; path = AFNetworking.h; sourceTree = "<group>"; };
		0546E5A4175E1BF200A8BF38 /* AFPropertyListRequestOperation.h */ = {isa = PBXFileReference; fileEncoding = 4; lastKnownFileType = sourcecode.c.h; path = AFPropertyListRequestOperation.h; sourceTree = "<group>"; };
		0546E5A5175E1BF200A8BF38 /* AFPropertyListRequestOperation.m */ = {isa = PBXFileReference; fileEncoding = 4; lastKnownFileType = sourcecode.c.objc; path = AFPropertyListRequestOperation.m; sourceTree = "<group>"; };
		0546E5A6175E1BF200A8BF38 /* AFURLConnectionOperation.h */ = {isa = PBXFileReference; fileEncoding = 4; lastKnownFileType = sourcecode.c.h; path = AFURLConnectionOperation.h; sourceTree = "<group>"; };
		0546E5A7175E1BF200A8BF38 /* AFURLConnectionOperation.m */ = {isa = PBXFileReference; fileEncoding = 4; lastKnownFileType = sourcecode.c.objc; path = AFURLConnectionOperation.m; sourceTree = "<group>"; };
		0546E5A8175E1BF200A8BF38 /* AFXMLRequestOperation.h */ = {isa = PBXFileReference; fileEncoding = 4; lastKnownFileType = sourcecode.c.h; path = AFXMLRequestOperation.h; sourceTree = "<group>"; };
		0546E5A9175E1BF200A8BF38 /* AFXMLRequestOperation.m */ = {isa = PBXFileReference; fileEncoding = 4; lastKnownFileType = sourcecode.c.objc; path = AFXMLRequestOperation.m; sourceTree = "<group>"; };
		0546E5AA175E1BF200A8BF38 /* UIImageView+AFNetworking.h */ = {isa = PBXFileReference; fileEncoding = 4; lastKnownFileType = sourcecode.c.h; path = "UIImageView+AFNetworking.h"; sourceTree = "<group>"; };
		0546E5AB175E1BF200A8BF38 /* UIImageView+AFNetworking.m */ = {isa = PBXFileReference; fileEncoding = 4; lastKnownFileType = sourcecode.c.objc; path = "UIImageView+AFNetworking.m"; sourceTree = "<group>"; };
		0546E5B6175E263700A8BF38 /* TCObject.h */ = {isa = PBXFileReference; fileEncoding = 4; lastKnownFileType = sourcecode.c.h; path = TCObject.h; sourceTree = "<group>"; };
		0546E5B7175E263700A8BF38 /* TCObject.m */ = {isa = PBXFileReference; fileEncoding = 4; lastKnownFileType = sourcecode.c.objc; path = TCObject.m; sourceTree = "<group>"; };
		0546E5B9175E277A00A8BF38 /* TCActivity.h */ = {isa = PBXFileReference; fileEncoding = 4; lastKnownFileType = sourcecode.c.h; path = TCActivity.h; sourceTree = "<group>"; };
		0546E5BA175E277A00A8BF38 /* TCActivity.m */ = {isa = PBXFileReference; fileEncoding = 4; lastKnownFileType = sourcecode.c.objc; path = TCActivity.m; sourceTree = "<group>"; };
		0546E5C2175E36A000A8BF38 /* TCActivityDetailViewController.h */ = {isa = PBXFileReference; fileEncoding = 4; lastKnownFileType = sourcecode.c.h; path = TCActivityDetailViewController.h; sourceTree = "<group>"; };
		0546E5C3175E36A000A8BF38 /* TCActivityDetailViewController.m */ = {isa = PBXFileReference; fileEncoding = 4; lastKnownFileType = sourcecode.c.objc; path = TCActivityDetailViewController.m; sourceTree = "<group>"; };
		0546E5CB175E50E200A8BF38 /* TCVelibContract.h */ = {isa = PBXFileReference; fileEncoding = 4; lastKnownFileType = sourcecode.c.h; path = TCVelibContract.h; sourceTree = "<group>"; };
		0546E5CC175E50E200A8BF38 /* TCVelibContract.m */ = {isa = PBXFileReference; fileEncoding = 4; lastKnownFileType = sourcecode.c.objc; path = TCVelibContract.m; sourceTree = "<group>"; };
		0546E5D1175FFF7800A8BF38 /* TCTchillrServerClient.h */ = {isa = PBXFileReference; fileEncoding = 4; lastKnownFileType = sourcecode.c.h; path = TCTchillrServerClient.h; sourceTree = "<group>"; };
		0546E5D2175FFF7800A8BF38 /* TCTchillrServerClient.m */ = {isa = PBXFileReference; fileEncoding = 4; lastKnownFileType = sourcecode.c.objc; path = TCTchillrServerClient.m; sourceTree = "<group>"; };
		0546E5D417601D2A00A8BF38 /* TCCategory.h */ = {isa = PBXFileReference; fileEncoding = 4; lastKnownFileType = sourcecode.c.h; path = TCCategory.h; sourceTree = "<group>"; };
		0546E5D517601D2A00A8BF38 /* TCCategory.m */ = {isa = PBXFileReference; fileEncoding = 4; lastKnownFileType = sourcecode.c.objc; path = TCCategory.m; sourceTree = "<group>"; };
		0546E5D91760249400A8BF38 /* TCCategoryTableViewCell.h */ = {isa = PBXFileReference; fileEncoding = 4; lastKnownFileType = sourcecode.c.h; path = TCCategoryTableViewCell.h; sourceTree = "<group>"; };
		0546E5DA1760249400A8BF38 /* TCCategoryTableViewCell.m */ = {isa = PBXFileReference; fileEncoding = 4; lastKnownFileType = sourcecode.c.objc; path = TCCategoryTableViewCell.m; sourceTree = "<group>"; };
/* End PBXFileReference section */

/* Begin PBXFrameworksBuildPhase section */
		0546E55F175E0FB500A8BF38 /* Frameworks */ = {
			isa = PBXFrameworksBuildPhase;
			buildActionMask = 2147483647;
			files = (
				0546E566175E0FB500A8BF38 /* UIKit.framework in Frameworks */,
				0546E568175E0FB500A8BF38 /* Foundation.framework in Frameworks */,
				0546E56A175E0FB500A8BF38 /* CoreGraphics.framework in Frameworks */,
			);
			runOnlyForDeploymentPostprocessing = 0;
		};
/* End PBXFrameworksBuildPhase section */

/* Begin PBXGroup section */
		0546E559175E0FB500A8BF38 = {
			isa = PBXGroup;
			children = (
				0546E598175E1BF200A8BF38 /* AFNetworking */,
				0546E56B175E0FB500A8BF38 /* TCClient */,
				0546E564175E0FB500A8BF38 /* Frameworks */,
				0546E563175E0FB500A8BF38 /* Products */,
			);
			sourceTree = "<group>";
		};
		0546E563175E0FB500A8BF38 /* Products */ = {
			isa = PBXGroup;
			children = (
				0546E562175E0FB500A8BF38 /* TCClient.app */,
			);
			name = Products;
			sourceTree = "<group>";
		};
		0546E564175E0FB500A8BF38 /* Frameworks */ = {
			isa = PBXGroup;
			children = (
				0546E565175E0FB500A8BF38 /* UIKit.framework */,
				0546E567175E0FB500A8BF38 /* Foundation.framework */,
				0546E569175E0FB500A8BF38 /* CoreGraphics.framework */,
			);
			name = Frameworks;
			sourceTree = "<group>";
		};
		0546E56B175E0FB500A8BF38 /* TCClient */ = {
			isa = PBXGroup;
			children = (
				0546E5D0175E538D00A8BF38 /* Resources */,
				0546E5CE175E50F000A8BF38 /* Classes */,
				0546E574175E0FB500A8BF38 /* TCAppDelegate.h */,
				0546E575175E0FB500A8BF38 /* TCAppDelegate.m */,
				0546E57D175E0FB500A8BF38 /* MainStoryboard.storyboard */,
				0546E56C175E0FB500A8BF38 /* Supporting Files */,
			);
			path = TCClient;
			sourceTree = "<group>";
		};
		0546E56C175E0FB500A8BF38 /* Supporting Files */ = {
			isa = PBXGroup;
			children = (
				0546E56D175E0FB500A8BF38 /* TCClient-Info.plist */,
				0546E56E175E0FB500A8BF38 /* InfoPlist.strings */,
				0546E571175E0FB500A8BF38 /* main.m */,
				0546E573175E0FB500A8BF38 /* TCClient-Prefix.pch */,
				0546E577175E0FB500A8BF38 /* Default.png */,
				0546E579175E0FB500A8BF38 /* Default@2x.png */,
				0546E57B175E0FB500A8BF38 /* Default-568h@2x.png */,
			);
			name = "Supporting Files";
			sourceTree = "<group>";
		};
		0546E598175E1BF200A8BF38 /* AFNetworking */ = {
			isa = PBXGroup;
			children = (
				0546E599175E1BF200A8BF38 /* AFHTTPClient.h */,
				0546E59A175E1BF200A8BF38 /* AFHTTPClient.m */,
				0546E59B175E1BF200A8BF38 /* AFHTTPRequestOperation.h */,
				0546E59C175E1BF200A8BF38 /* AFHTTPRequestOperation.m */,
				0546E59D175E1BF200A8BF38 /* AFImageRequestOperation.h */,
				0546E59E175E1BF200A8BF38 /* AFImageRequestOperation.m */,
				0546E59F175E1BF200A8BF38 /* AFJSONRequestOperation.h */,
				0546E5A0175E1BF200A8BF38 /* AFJSONRequestOperation.m */,
				0546E5A1175E1BF200A8BF38 /* AFNetworkActivityIndicatorManager.h */,
				0546E5A2175E1BF200A8BF38 /* AFNetworkActivityIndicatorManager.m */,
				0546E5A3175E1BF200A8BF38 /* AFNetworking.h */,
				0546E5A4175E1BF200A8BF38 /* AFPropertyListRequestOperation.h */,
				0546E5A5175E1BF200A8BF38 /* AFPropertyListRequestOperation.m */,
				0546E5A6175E1BF200A8BF38 /* AFURLConnectionOperation.h */,
				0546E5A7175E1BF200A8BF38 /* AFURLConnectionOperation.m */,
				0546E5A8175E1BF200A8BF38 /* AFXMLRequestOperation.h */,
				0546E5A9175E1BF200A8BF38 /* AFXMLRequestOperation.m */,
				0546E5AA175E1BF200A8BF38 /* UIImageView+AFNetworking.h */,
				0546E5AB175E1BF200A8BF38 /* UIImageView+AFNetworking.m */,
			);
			name = AFNetworking;
			path = ../../../vendorsrc/AFNetworking/AFNetworking;
			sourceTree = "<group>";
		};
		0546E5CE175E50F000A8BF38 /* Classes */ = {
			isa = PBXGroup;
			children = (
				0546E5DC17602CBA00A8BF38 /* TchillrServerClient */,
				0546E5DD17602CE400A8BF38 /* Model */,
				0546E5D81760228200A8BF38 /* Categories */,
				0546E5D717601F2C00A8BF38 /* Activities */,
			);
			name = Classes;
			sourceTree = "<group>";
		};
		0546E5D0175E538D00A8BF38 /* Resources */ = {
			isa = PBXGroup;
			children = (
				0546E583175E0FB500A8BF38 /* first.png */,
				0546E585175E0FB500A8BF38 /* first@2x.png */,
				0546E58A175E0FB500A8BF38 /* second.png */,
				0546E58C175E0FB500A8BF38 /* second@2x.png */,
			);
			name = Resources;
			sourceTree = "<group>";
		};
		0546E5D717601F2C00A8BF38 /* Activities */ = {
			isa = PBXGroup;
			children = (
				0546E5C2175E36A000A8BF38 /* TCActivityDetailViewController.h */,
				0546E5C3175E36A000A8BF38 /* TCActivityDetailViewController.m */,
				0546E595175E18CB00A8BF38 /* TCActivityTableViewCell.h */,
				0546E596175E18CB00A8BF38 /* TCActivityTableViewCell.m */,
				0546E580175E0FB500A8BF38 /* TCActivitiesViewController.h */,
				0546E581175E0FB500A8BF38 /* TCActivitiesViewController.m */,
			);
			name = Activities;
			sourceTree = "<group>";
		};
		0546E5D81760228200A8BF38 /* Categories */ = {
			isa = PBXGroup;
			children = (
				0546E587175E0FB500A8BF38 /* TCCategoriesViewController.h */,
				0546E588175E0FB500A8BF38 /* TCCategoriesViewController.m */,
				0546E5D91760249400A8BF38 /* TCCategoryTableViewCell.h */,
				0546E5DA1760249400A8BF38 /* TCCategoryTableViewCell.m */,
			);
			name = Categories;
			sourceTree = "<group>";
		};
		0546E5DC17602CBA00A8BF38 /* TchillrServerClient */ = {
			isa = PBXGroup;
			children = (
				0546E5D1175FFF7800A8BF38 /* TCTchillrServerClient.h */,
				0546E5D2175FFF7800A8BF38 /* TCTchillrServerClient.m */,
			);
			name = TchillrServerClient;
			sourceTree = "<group>";
		};
		0546E5DD17602CE400A8BF38 /* Model */ = {
			isa = PBXGroup;
			children = (
				0546E5B6175E263700A8BF38 /* TCObject.h */,
				0546E5B7175E263700A8BF38 /* TCObject.m */,
				0546E5B9175E277A00A8BF38 /* TCActivity.h */,
				0546E5BA175E277A00A8BF38 /* TCActivity.m */,
				0546E5CB175E50E200A8BF38 /* TCVelibContract.h */,
				0546E5CC175E50E200A8BF38 /* TCVelibContract.m */,
				0546E5D417601D2A00A8BF38 /* TCCategory.h */,
				0546E5D517601D2A00A8BF38 /* TCCategory.m */,
			);
			name = Model;
			sourceTree = "<group>";
		};
/* End PBXGroup section */

/* Begin PBXNativeTarget section */
		0546E561175E0FB500A8BF38 /* TCClient */ = {
			isa = PBXNativeTarget;
			buildConfigurationList = 0546E590175E0FB500A8BF38 /* Build configuration list for PBXNativeTarget "TCClient" */;
			buildPhases = (
				0546E55E175E0FB500A8BF38 /* Sources */,
				0546E55F175E0FB500A8BF38 /* Frameworks */,
				0546E560175E0FB500A8BF38 /* Resources */,
			);
			buildRules = (
			);
			dependencies = (
			);
			name = TCClient;
			productName = TCClient;
			productReference = 0546E562175E0FB500A8BF38 /* TCClient.app */;
			productType = "com.apple.product-type.application";
		};
/* End PBXNativeTarget section */

/* Begin PBXProject section */
		0546E55A175E0FB500A8BF38 /* Project object */ = {
			isa = PBXProject;
			attributes = {
				CLASSPREFIX = TC;
				LastUpgradeCheck = 0460;
				ORGANIZATIONNAME = Tchillr;
			};
			buildConfigurationList = 0546E55D175E0FB500A8BF38 /* Build configuration list for PBXProject "TCClient" */;
			compatibilityVersion = "Xcode 3.2";
			developmentRegion = English;
			hasScannedForEncodings = 0;
			knownRegions = (
				en,
			);
			mainGroup = 0546E559175E0FB500A8BF38;
			productRefGroup = 0546E563175E0FB500A8BF38 /* Products */;
			projectDirPath = "";
			projectRoot = "";
			targets = (
				0546E561175E0FB500A8BF38 /* TCClient */,
			);
		};
/* End PBXProject section */

/* Begin PBXResourcesBuildPhase section */
		0546E560175E0FB500A8BF38 /* Resources */ = {
			isa = PBXResourcesBuildPhase;
			buildActionMask = 2147483647;
			files = (
				0546E570175E0FB500A8BF38 /* InfoPlist.strings in Resources */,
				0546E578175E0FB500A8BF38 /* Default.png in Resources */,
				0546E57A175E0FB500A8BF38 /* Default@2x.png in Resources */,
				0546E57C175E0FB500A8BF38 /* Default-568h@2x.png in Resources */,
				0546E57F175E0FB500A8BF38 /* MainStoryboard.storyboard in Resources */,
				0546E584175E0FB500A8BF38 /* first.png in Resources */,
				0546E586175E0FB500A8BF38 /* first@2x.png in Resources */,
				0546E58B175E0FB500A8BF38 /* second.png in Resources */,
				0546E58D175E0FB500A8BF38 /* second@2x.png in Resources */,
			);
			runOnlyForDeploymentPostprocessing = 0;
		};
/* End PBXResourcesBuildPhase section */

/* Begin PBXSourcesBuildPhase section */
		0546E55E175E0FB500A8BF38 /* Sources */ = {
			isa = PBXSourcesBuildPhase;
			buildActionMask = 2147483647;
			files = (
				0546E572175E0FB500A8BF38 /* main.m in Sources */,
				0546E576175E0FB500A8BF38 /* TCAppDelegate.m in Sources */,
				0546E582175E0FB500A8BF38 /* TCActivitiesViewController.m in Sources */,
				0546E589175E0FB500A8BF38 /* TCCategoriesViewController.m in Sources */,
				0546E597175E18CB00A8BF38 /* TCActivityTableViewCell.m in Sources */,
				0546E5AC175E1BF200A8BF38 /* AFHTTPClient.m in Sources */,
				0546E5AD175E1BF200A8BF38 /* AFHTTPRequestOperation.m in Sources */,
				0546E5AE175E1BF200A8BF38 /* AFImageRequestOperation.m in Sources */,
				0546E5AF175E1BF200A8BF38 /* AFJSONRequestOperation.m in Sources */,
				0546E5B0175E1BF200A8BF38 /* AFNetworkActivityIndicatorManager.m in Sources */,
				0546E5B1175E1BF200A8BF38 /* AFPropertyListRequestOperation.m in Sources */,
				0546E5B2175E1BF200A8BF38 /* AFURLConnectionOperation.m in Sources */,
				0546E5B3175E1BF200A8BF38 /* AFXMLRequestOperation.m in Sources */,
				0546E5B4175E1BF200A8BF38 /* UIImageView+AFNetworking.m in Sources */,
				0546E5B8175E263700A8BF38 /* TCObject.m in Sources */,
				0546E5BB175E277A00A8BF38 /* TCActivity.m in Sources */,
				0546E5C4175E36A100A8BF38 /* TCActivityDetailViewController.m in Sources */,
				0546E5CD175E50E200A8BF38 /* TCVelibContract.m in Sources */,
				0546E5D3175FFF7900A8BF38 /* TCTchillrServerClient.m in Sources */,
				0546E5D617601D2B00A8BF38 /* TCCategory.m in Sources */,
				0546E5DB1760249400A8BF38 /* TCCategoryTableViewCell.m in Sources */,
			);
			runOnlyForDeploymentPostprocessing = 0;
		};
/* End PBXSourcesBuildPhase section */

/* Begin PBXVariantGroup section */
		0546E56E175E0FB500A8BF38 /* InfoPlist.strings */ = {
			isa = PBXVariantGroup;
			children = (
				0546E56F175E0FB500A8BF38 /* en */,
			);
			name = InfoPlist.strings;
			sourceTree = "<group>";
		};
		0546E57D175E0FB500A8BF38 /* MainStoryboard.storyboard */ = {
			isa = PBXVariantGroup;
			children = (
				0546E57E175E0FB500A8BF38 /* en */,
			);
			name = MainStoryboard.storyboard;
			sourceTree = "<group>";
		};
/* End PBXVariantGroup section */

/* Begin XCBuildConfiguration section */
		0546E58E175E0FB500A8BF38 /* Debug */ = {
			isa = XCBuildConfiguration;
			buildSettings = {
				ALWAYS_SEARCH_USER_PATHS = NO;
				CLANG_CXX_LANGUAGE_STANDARD = "gnu++0x";
				CLANG_CXX_LIBRARY = "libc++";
				CLANG_ENABLE_OBJC_ARC = YES;
				CLANG_WARN_CONSTANT_CONVERSION = YES;
				CLANG_WARN_EMPTY_BODY = YES;
				CLANG_WARN_ENUM_CONVERSION = YES;
				CLANG_WARN_INT_CONVERSION = YES;
				CLANG_WARN__DUPLICATE_METHOD_MATCH = YES;
				"CODE_SIGN_IDENTITY[sdk=iphoneos*]" = "iPhone Developer";
				COPY_PHASE_STRIP = NO;
				GCC_C_LANGUAGE_STANDARD = gnu99;
				GCC_DYNAMIC_NO_PIC = NO;
				GCC_OPTIMIZATION_LEVEL = 0;
				GCC_PREPROCESSOR_DEFINITIONS = (
					"DEBUG=1",
					"$(inherited)",
				);
				GCC_SYMBOLS_PRIVATE_EXTERN = NO;
				GCC_WARN_ABOUT_RETURN_TYPE = YES;
				GCC_WARN_UNINITIALIZED_AUTOS = YES;
				GCC_WARN_UNUSED_VARIABLE = YES;
				IPHONEOS_DEPLOYMENT_TARGET = 6.1;
				ONLY_ACTIVE_ARCH = YES;
				SDKROOT = iphoneos;
			};
			name = Debug;
		};
		0546E58F175E0FB500A8BF38 /* Release */ = {
			isa = XCBuildConfiguration;
			buildSettings = {
				ALWAYS_SEARCH_USER_PATHS = NO;
				CLANG_CXX_LANGUAGE_STANDARD = "gnu++0x";
				CLANG_CXX_LIBRARY = "libc++";
				CLANG_ENABLE_OBJC_ARC = YES;
				CLANG_WARN_CONSTANT_CONVERSION = YES;
				CLANG_WARN_EMPTY_BODY = YES;
				CLANG_WARN_ENUM_CONVERSION = YES;
				CLANG_WARN_INT_CONVERSION = YES;
				CLANG_WARN__DUPLICATE_METHOD_MATCH = YES;
				"CODE_SIGN_IDENTITY[sdk=iphoneos*]" = "iPhone Developer";
				COPY_PHASE_STRIP = YES;
				GCC_C_LANGUAGE_STANDARD = gnu99;
				GCC_WARN_ABOUT_RETURN_TYPE = YES;
				GCC_WARN_UNINITIALIZED_AUTOS = YES;
				GCC_WARN_UNUSED_VARIABLE = YES;
				IPHONEOS_DEPLOYMENT_TARGET = 6.1;
				OTHER_CFLAGS = "-DNS_BLOCK_ASSERTIONS=1";
				SDKROOT = iphoneos;
				VALIDATE_PRODUCT = YES;
			};
			name = Release;
		};
		0546E591175E0FB500A8BF38 /* Debug */ = {
			isa = XCBuildConfiguration;
			buildSettings = {
				GCC_PRECOMPILE_PREFIX_HEADER = YES;
				GCC_PREFIX_HEADER = "TCClient/TCClient-Prefix.pch";
				INFOPLIST_FILE = "TCClient/TCClient-Info.plist";
				PRODUCT_NAME = "$(TARGET_NAME)";
				WRAPPER_EXTENSION = app;
			};
			name = Debug;
		};
		0546E592175E0FB500A8BF38 /* Release */ = {
			isa = XCBuildConfiguration;
			buildSettings = {
				GCC_PRECOMPILE_PREFIX_HEADER = YES;
				GCC_PREFIX_HEADER = "TCClient/TCClient-Prefix.pch";
				INFOPLIST_FILE = "TCClient/TCClient-Info.plist";
				PRODUCT_NAME = "$(TARGET_NAME)";
				WRAPPER_EXTENSION = app;
			};
			name = Release;
		};
/* End XCBuildConfiguration section */

/* Begin XCConfigurationList section */
		0546E55D175E0FB500A8BF38 /* Build configuration list for PBXProject "TCClient" */ = {
			isa = XCConfigurationList;
			buildConfigurations = (
				0546E58E175E0FB500A8BF38 /* Debug */,
				0546E58F175E0FB500A8BF38 /* Release */,
			);
			defaultConfigurationIsVisible = 0;
			defaultConfigurationName = Release;
		};
		0546E590175E0FB500A8BF38 /* Build configuration list for PBXNativeTarget "TCClient" */ = {
			isa = XCConfigurationList;
			buildConfigurations = (
				0546E591175E0FB500A8BF38 /* Debug */,
				0546E592175E0FB500A8BF38 /* Release */,
			);
			defaultConfigurationIsVisible = 0;
		};
/* End XCConfigurationList section */
	};
	rootObject = 0546E55A175E0FB500A8BF38 /* Project object */;
}
