// !$*UTF8*$!
{
	archiveVersion = 1;
	classes = {
	};
	objectVersion = 46;
	objects = {

/* Begin PBXBuildFile section */
		0546E566175E0FB500A8BF38 /* UIKit.framework in Frameworks */ = {isa = PBXBuildFile; fileRef = 0546E565175E0FB500A8BF38 /* UIKit.framework */; };
		0546E568175E0FB500A8BF38 /* Foundation.framework in Frameworks */ = {isa = PBXBuildFile; fileRef = 0546E567175E0FB500A8BF38 /* Foundation.framework */; };
		0546E56A175E0FB500A8BF38 /* CoreGraphics.framework in Frameworks */ = {isa = PBXBuildFile; fileRef = 0546E569175E0FB500A8BF38 /* CoreGraphics.framework */; };
		0546E5E01760992400A8BF38 /* TCKeywordCounterViewController.m in Sources */ = {isa = PBXBuildFile; fileRef = 0546E5DF1760992400A8BF38 /* TCKeywordCounterViewController.m */; };
		0546E5E317609AEC00A8BF38 /* TCKeyword.m in Sources */ = {isa = PBXBuildFile; fileRef = 0546E5E217609AEC00A8BF38 /* TCKeyword.m */; };
		05D7BF1B17634EE100166475 /* TCThemesViewController.m in Sources */ = {isa = PBXBuildFile; fileRef = 05D7BF1A17634EE100166475 /* TCThemesViewController.m */; };
		05D7BF1E1763549F00166475 /* TCThemeViewController.m in Sources */ = {isa = PBXBuildFile; fileRef = 05D7BF1D1763549F00166475 /* TCThemeViewController.m */; };
		05D7BF241763669300166475 /* TCTag.m in Sources */ = {isa = PBXBuildFile; fileRef = 05D7BF231763669300166475 /* TCTag.m */; };
		05D7BF27176368E500166475 /* TCTheme.m in Sources */ = {isa = PBXBuildFile; fileRef = 05D7BF26176368E500166475 /* TCTheme.m */; };
		05D7BF2A17636E1C00166475 /* TCTagTableViewCell.m in Sources */ = {isa = PBXBuildFile; fileRef = 05D7BF2917636E1C00166475 /* TCTagTableViewCell.m */; };
		05D7BF2D17636ED900166475 /* TCTagView.m in Sources */ = {isa = PBXBuildFile; fileRef = 05D7BF2C17636ED900166475 /* TCTagView.m */; };
		05D7BF2F17636FBE00166475 /* heart.png in Resources */ = {isa = PBXBuildFile; fileRef = 05D7BF2E17636FBE00166475 /* heart.png */; };
		05D7BF311763867A00166475 /* heart_selected.png in Resources */ = {isa = PBXBuildFile; fileRef = 05D7BF301763867900166475 /* heart_selected.png */; };
		05D7BF351764E5D100166475 /* NSString+TCAdditions.m in Sources */ = {isa = PBXBuildFile; fileRef = 05D7BF341764E5D100166475 /* NSString+TCAdditions.m */; };
		05D7BF381765425400166475 /* TCUserActivitiesViewController.m in Sources */ = {isa = PBXBuildFile; fileRef = 05D7BF371765425300166475 /* TCUserActivitiesViewController.m */; };
		05D7BF3D1766591600166475 /* TCOccurence.m in Sources */ = {isa = PBXBuildFile; fileRef = 05D7BF3C1766591600166475 /* TCOccurence.m */; };
		05D7BF401766836200166475 /* NSDate+TCAdditions.m in Sources */ = {isa = PBXBuildFile; fileRef = 05D7BF3F1766836200166475 /* NSDate+TCAdditions.m */; };
		05D7BF431767332C00166475 /* TCTchillrServerClient.m in Sources */ = {isa = PBXBuildFile; fileRef = 5F575B3E1760939400BB4087 /* TCTchillrServerClient.m */; };
		5F575B411760939400BB4087 /* Default-568h@2x.png in Resources */ = {isa = PBXBuildFile; fileRef = 5F575B1D1760939400BB4087 /* Default-568h@2x.png */; };
		5F575B421760939400BB4087 /* Default.png in Resources */ = {isa = PBXBuildFile; fileRef = 5F575B1E1760939400BB4087 /* Default.png */; };
		5F575B431760939400BB4087 /* Default@2x.png in Resources */ = {isa = PBXBuildFile; fileRef = 5F575B1F1760939400BB4087 /* Default@2x.png */; };
		5F575B441760939400BB4087 /* InfoPlist.strings in Resources */ = {isa = PBXBuildFile; fileRef = 5F575B201760939400BB4087 /* InfoPlist.strings */; };
		5F575B451760939400BB4087 /* MainStoryboard.storyboard in Resources */ = {isa = PBXBuildFile; fileRef = 5F575B221760939400BB4087 /* MainStoryboard.storyboard */; };
		5F575B461760939400BB4087 /* first.png in Resources */ = {isa = PBXBuildFile; fileRef = 5F575B241760939400BB4087 /* first.png */; };
		5F575B471760939400BB4087 /* first@2x.png in Resources */ = {isa = PBXBuildFile; fileRef = 5F575B251760939400BB4087 /* first@2x.png */; };
		5F575B481760939400BB4087 /* main.m in Sources */ = {isa = PBXBuildFile; fileRef = 5F575B261760939400BB4087 /* main.m */; };
		5F575B491760939400BB4087 /* second.png in Resources */ = {isa = PBXBuildFile; fileRef = 5F575B271760939400BB4087 /* second.png */; };
		5F575B4A1760939400BB4087 /* second@2x.png in Resources */ = {isa = PBXBuildFile; fileRef = 5F575B281760939400BB4087 /* second@2x.png */; };
		5F575B4B1760939400BB4087 /* TCActivitiesViewController.m in Sources */ = {isa = PBXBuildFile; fileRef = 5F575B2A1760939400BB4087 /* TCActivitiesViewController.m */; };
		5F575B4C1760939400BB4087 /* TCActivity.m in Sources */ = {isa = PBXBuildFile; fileRef = 5F575B2C1760939400BB4087 /* TCActivity.m */; };
		5F575B4D1760939400BB4087 /* TCActivityDetailViewController.m in Sources */ = {isa = PBXBuildFile; fileRef = 5F575B2E1760939400BB4087 /* TCActivityDetailViewController.m */; };
		5F575B4E1760939400BB4087 /* TCActivityTableViewCell.m in Sources */ = {isa = PBXBuildFile; fileRef = 5F575B301760939400BB4087 /* TCActivityTableViewCell.m */; };
		5F575B4F1760939400BB4087 /* TCAppDelegate.m in Sources */ = {isa = PBXBuildFile; fileRef = 5F575B321760939400BB4087 /* TCAppDelegate.m */; };
		5F575B501760939400BB4087 /* TCCategoriesViewController.m in Sources */ = {isa = PBXBuildFile; fileRef = 5F575B341760939400BB4087 /* TCCategoriesViewController.m */; };
		5F575B511760939400BB4087 /* TCCategory.m in Sources */ = {isa = PBXBuildFile; fileRef = 5F575B361760939400BB4087 /* TCCategory.m */; };
		5F575B521760939400BB4087 /* TCCategoryTableViewCell.m in Sources */ = {isa = PBXBuildFile; fileRef = 5F575B381760939400BB4087 /* TCCategoryTableViewCell.m */; };
		5F575B541760939400BB4087 /* TCObject.m in Sources */ = {isa = PBXBuildFile; fileRef = 5F575B3C1760939400BB4087 /* TCObject.m */; };
		5F575B561760939400BB4087 /* TCVelibContract.m in Sources */ = {isa = PBXBuildFile; fileRef = 5F575B401760939400BB4087 /* TCVelibContract.m */; };
		5F8FC4221760949E003803EE /* AFHTTPClient.m in Sources */ = {isa = PBXBuildFile; fileRef = 5F8FC4101760949E003803EE /* AFHTTPClient.m */; };
		5F8FC4231760949E003803EE /* AFHTTPRequestOperation.m in Sources */ = {isa = PBXBuildFile; fileRef = 5F8FC4121760949E003803EE /* AFHTTPRequestOperation.m */; };
		5F8FC4241760949E003803EE /* AFImageRequestOperation.m in Sources */ = {isa = PBXBuildFile; fileRef = 5F8FC4141760949E003803EE /* AFImageRequestOperation.m */; };
		5F8FC4251760949E003803EE /* AFJSONRequestOperation.m in Sources */ = {isa = PBXBuildFile; fileRef = 5F8FC4161760949E003803EE /* AFJSONRequestOperation.m */; };
		5F8FC4261760949E003803EE /* AFNetworkActivityIndicatorManager.m in Sources */ = {isa = PBXBuildFile; fileRef = 5F8FC4181760949E003803EE /* AFNetworkActivityIndicatorManager.m */; };
		5F8FC4271760949E003803EE /* AFPropertyListRequestOperation.m in Sources */ = {isa = PBXBuildFile; fileRef = 5F8FC41B1760949E003803EE /* AFPropertyListRequestOperation.m */; };
		5F8FC4281760949E003803EE /* AFURLConnectionOperation.m in Sources */ = {isa = PBXBuildFile; fileRef = 5F8FC41D1760949E003803EE /* AFURLConnectionOperation.m */; };
		5F8FC4291760949E003803EE /* AFXMLRequestOperation.m in Sources */ = {isa = PBXBuildFile; fileRef = 5F8FC41F1760949E003803EE /* AFXMLRequestOperation.m */; };
		5F8FC42A1760949E003803EE /* UIImageView+AFNetworking.m in Sources */ = {isa = PBXBuildFile; fileRef = 5F8FC4211760949E003803EE /* UIImageView+AFNetworking.m */; };
		5F8FC42C176094C6003803EE /* SystemConfiguration.framework in Frameworks */ = {isa = PBXBuildFile; fileRef = 5F8FC42B176094C6003803EE /* SystemConfiguration.framework */; };
		5F8FC42E176094CC003803EE /* MobileCoreServices.framework in Frameworks */ = {isa = PBXBuildFile; fileRef = 5F8FC42D176094CC003803EE /* MobileCoreServices.framework */; };
/* End PBXBuildFile section */

/* Begin PBXFileReference section */
		0546E562175E0FB500A8BF38 /* TCClient.app */ = {isa = PBXFileReference; explicitFileType = wrapper.application; includeInIndex = 0; path = TCClient.app; sourceTree = BUILT_PRODUCTS_DIR; };
		0546E565175E0FB500A8BF38 /* UIKit.framework */ = {isa = PBXFileReference; lastKnownFileType = wrapper.framework; name = UIKit.framework; path = System/Library/Frameworks/UIKit.framework; sourceTree = SDKROOT; };
		0546E567175E0FB500A8BF38 /* Foundation.framework */ = {isa = PBXFileReference; lastKnownFileType = wrapper.framework; name = Foundation.framework; path = System/Library/Frameworks/Foundation.framework; sourceTree = SDKROOT; };
		0546E569175E0FB500A8BF38 /* CoreGraphics.framework */ = {isa = PBXFileReference; lastKnownFileType = wrapper.framework; name = CoreGraphics.framework; path = System/Library/Frameworks/CoreGraphics.framework; sourceTree = SDKROOT; };
		0546E5DE1760992400A8BF38 /* TCKeywordCounterViewController.h */ = {isa = PBXFileReference; fileEncoding = 4; lastKnownFileType = sourcecode.c.h; path = TCKeywordCounterViewController.h; sourceTree = "<group>"; };
		0546E5DF1760992400A8BF38 /* TCKeywordCounterViewController.m */ = {isa = PBXFileReference; fileEncoding = 4; lastKnownFileType = sourcecode.c.objc; path = TCKeywordCounterViewController.m; sourceTree = "<group>"; };
		0546E5E117609AEC00A8BF38 /* TCKeyword.h */ = {isa = PBXFileReference; fileEncoding = 4; lastKnownFileType = sourcecode.c.h; path = TCKeyword.h; sourceTree = "<group>"; };
		0546E5E217609AEC00A8BF38 /* TCKeyword.m */ = {isa = PBXFileReference; fileEncoding = 4; lastKnownFileType = sourcecode.c.objc; path = TCKeyword.m; sourceTree = "<group>"; };
		05D7BF1917634EE100166475 /* TCThemesViewController.h */ = {isa = PBXFileReference; fileEncoding = 4; lastKnownFileType = sourcecode.c.h; path = TCThemesViewController.h; sourceTree = "<group>"; };
		05D7BF1A17634EE100166475 /* TCThemesViewController.m */ = {isa = PBXFileReference; fileEncoding = 4; lastKnownFileType = sourcecode.c.objc; path = TCThemesViewController.m; sourceTree = "<group>"; };
		05D7BF1C1763549F00166475 /* TCThemeViewController.h */ = {isa = PBXFileReference; fileEncoding = 4; lastKnownFileType = sourcecode.c.h; path = TCThemeViewController.h; sourceTree = "<group>"; };
		05D7BF1D1763549F00166475 /* TCThemeViewController.m */ = {isa = PBXFileReference; fileEncoding = 4; lastKnownFileType = sourcecode.c.objc; path = TCThemeViewController.m; sourceTree = "<group>"; };
		05D7BF221763669300166475 /* TCTag.h */ = {isa = PBXFileReference; fileEncoding = 4; lastKnownFileType = sourcecode.c.h; path = TCTag.h; sourceTree = "<group>"; };
		05D7BF231763669300166475 /* TCTag.m */ = {isa = PBXFileReference; fileEncoding = 4; lastKnownFileType = sourcecode.c.objc; path = TCTag.m; sourceTree = "<group>"; };
		05D7BF25176368E500166475 /* TCTheme.h */ = {isa = PBXFileReference; fileEncoding = 4; lastKnownFileType = sourcecode.c.h; path = TCTheme.h; sourceTree = "<group>"; };
		05D7BF26176368E500166475 /* TCTheme.m */ = {isa = PBXFileReference; fileEncoding = 4; lastKnownFileType = sourcecode.c.objc; path = TCTheme.m; sourceTree = "<group>"; };
		05D7BF2817636E1C00166475 /* TCTagTableViewCell.h */ = {isa = PBXFileReference; fileEncoding = 4; lastKnownFileType = sourcecode.c.h; path = TCTagTableViewCell.h; sourceTree = "<group>"; };
		05D7BF2917636E1C00166475 /* TCTagTableViewCell.m */ = {isa = PBXFileReference; fileEncoding = 4; lastKnownFileType = sourcecode.c.objc; path = TCTagTableViewCell.m; sourceTree = "<group>"; };
		05D7BF2B17636ED900166475 /* TCTagView.h */ = {isa = PBXFileReference; fileEncoding = 4; lastKnownFileType = sourcecode.c.h; path = TCTagView.h; sourceTree = "<group>"; };
		05D7BF2C17636ED900166475 /* TCTagView.m */ = {isa = PBXFileReference; fileEncoding = 4; lastKnownFileType = sourcecode.c.objc; path = TCTagView.m; sourceTree = "<group>"; };
		05D7BF2E17636FBE00166475 /* heart.png */ = {isa = PBXFileReference; lastKnownFileType = image.png; path = heart.png; sourceTree = "<group>"; };
		05D7BF301763867900166475 /* heart_selected.png */ = {isa = PBXFileReference; lastKnownFileType = image.png; path = heart_selected.png; sourceTree = "<group>"; };
		05D7BF331764E5D100166475 /* NSString+TCAdditions.h */ = {isa = PBXFileReference; fileEncoding = 4; lastKnownFileType = sourcecode.c.h; path = "NSString+TCAdditions.h"; sourceTree = "<group>"; };
		05D7BF341764E5D100166475 /* NSString+TCAdditions.m */ = {isa = PBXFileReference; fileEncoding = 4; lastKnownFileType = sourcecode.c.objc; path = "NSString+TCAdditions.m"; sourceTree = "<group>"; };
		05D7BF361765425300166475 /* TCUserActivitiesViewController.h */ = {isa = PBXFileReference; fileEncoding = 4; lastKnownFileType = sourcecode.c.h; path = TCUserActivitiesViewController.h; sourceTree = "<group>"; };
		05D7BF371765425300166475 /* TCUserActivitiesViewController.m */ = {isa = PBXFileReference; fileEncoding = 4; lastKnownFileType = sourcecode.c.objc; path = TCUserActivitiesViewController.m; sourceTree = "<group>"; };
		05D7BF3B1766591600166475 /* TCOccurence.h */ = {isa = PBXFileReference; fileEncoding = 4; lastKnownFileType = sourcecode.c.h; path = TCOccurence.h; sourceTree = "<group>"; };
		05D7BF3C1766591600166475 /* TCOccurence.m */ = {isa = PBXFileReference; fileEncoding = 4; lastKnownFileType = sourcecode.c.objc; path = TCOccurence.m; sourceTree = "<group>"; };
		05D7BF3E1766836200166475 /* NSDate+TCAdditions.h */ = {isa = PBXFileReference; fileEncoding = 4; lastKnownFileType = sourcecode.c.h; path = "NSDate+TCAdditions.h"; sourceTree = "<group>"; };
		05D7BF3F1766836200166475 /* NSDate+TCAdditions.m */ = {isa = PBXFileReference; fileEncoding = 4; lastKnownFileType = sourcecode.c.objc; path = "NSDate+TCAdditions.m"; sourceTree = "<group>"; };
		5F575B1D1760939400BB4087 /* Default-568h@2x.png */ = {isa = PBXFileReference; lastKnownFileType = image.png; path = "Default-568h@2x.png"; sourceTree = "<group>"; };
		5F575B1E1760939400BB4087 /* Default.png */ = {isa = PBXFileReference; lastKnownFileType = image.png; path = Default.png; sourceTree = "<group>"; };
		5F575B1F1760939400BB4087 /* Default@2x.png */ = {isa = PBXFileReference; lastKnownFileType = image.png; path = "Default@2x.png"; sourceTree = "<group>"; };
		5F575B211760939400BB4087 /* en */ = {isa = PBXFileReference; lastKnownFileType = text.plist.strings; name = en; path = en.lproj/InfoPlist.strings; sourceTree = "<group>"; };
		5F575B231760939400BB4087 /* en */ = {isa = PBXFileReference; lastKnownFileType = file.storyboard; name = en; path = en.lproj/MainStoryboard.storyboard; sourceTree = "<group>"; };
		5F575B241760939400BB4087 /* first.png */ = {isa = PBXFileReference; lastKnownFileType = image.png; path = first.png; sourceTree = "<group>"; };
		5F575B251760939400BB4087 /* first@2x.png */ = {isa = PBXFileReference; lastKnownFileType = image.png; path = "first@2x.png"; sourceTree = "<group>"; };
		5F575B261760939400BB4087 /* main.m */ = {isa = PBXFileReference; fileEncoding = 4; lastKnownFileType = sourcecode.c.objc; path = main.m; sourceTree = "<group>"; };
		5F575B271760939400BB4087 /* second.png */ = {isa = PBXFileReference; lastKnownFileType = image.png; path = second.png; sourceTree = "<group>"; };
		5F575B281760939400BB4087 /* second@2x.png */ = {isa = PBXFileReference; lastKnownFileType = image.png; path = "second@2x.png"; sourceTree = "<group>"; };
		5F575B291760939400BB4087 /* TCActivitiesViewController.h */ = {isa = PBXFileReference; fileEncoding = 4; lastKnownFileType = sourcecode.c.h; path = TCActivitiesViewController.h; sourceTree = "<group>"; };
		5F575B2A1760939400BB4087 /* TCActivitiesViewController.m */ = {isa = PBXFileReference; fileEncoding = 4; lastKnownFileType = sourcecode.c.objc; path = TCActivitiesViewController.m; sourceTree = "<group>"; };
		5F575B2B1760939400BB4087 /* TCActivity.h */ = {isa = PBXFileReference; fileEncoding = 4; lastKnownFileType = sourcecode.c.h; path = TCActivity.h; sourceTree = "<group>"; };
		5F575B2C1760939400BB4087 /* TCActivity.m */ = {isa = PBXFileReference; fileEncoding = 4; lastKnownFileType = sourcecode.c.objc; path = TCActivity.m; sourceTree = "<group>"; };
		5F575B2D1760939400BB4087 /* TCActivityDetailViewController.h */ = {isa = PBXFileReference; fileEncoding = 4; lastKnownFileType = sourcecode.c.h; path = TCActivityDetailViewController.h; sourceTree = "<group>"; };
		5F575B2E1760939400BB4087 /* TCActivityDetailViewController.m */ = {isa = PBXFileReference; fileEncoding = 4; lastKnownFileType = sourcecode.c.objc; path = TCActivityDetailViewController.m; sourceTree = "<group>"; };
		5F575B2F1760939400BB4087 /* TCActivityTableViewCell.h */ = {isa = PBXFileReference; fileEncoding = 4; lastKnownFileType = sourcecode.c.h; path = TCActivityTableViewCell.h; sourceTree = "<group>"; };
		5F575B301760939400BB4087 /* TCActivityTableViewCell.m */ = {isa = PBXFileReference; fileEncoding = 4; lastKnownFileType = sourcecode.c.objc; path = TCActivityTableViewCell.m; sourceTree = "<group>"; };
		5F575B311760939400BB4087 /* TCAppDelegate.h */ = {isa = PBXFileReference; fileEncoding = 4; lastKnownFileType = sourcecode.c.h; path = TCAppDelegate.h; sourceTree = "<group>"; };
		5F575B321760939400BB4087 /* TCAppDelegate.m */ = {isa = PBXFileReference; fileEncoding = 4; lastKnownFileType = sourcecode.c.objc; path = TCAppDelegate.m; sourceTree = "<group>"; };
		5F575B331760939400BB4087 /* TCCategoriesViewController.h */ = {isa = PBXFileReference; fileEncoding = 4; lastKnownFileType = sourcecode.c.h; path = TCCategoriesViewController.h; sourceTree = "<group>"; };
		5F575B341760939400BB4087 /* TCCategoriesViewController.m */ = {isa = PBXFileReference; fileEncoding = 4; lastKnownFileType = sourcecode.c.objc; path = TCCategoriesViewController.m; sourceTree = "<group>"; };
		5F575B351760939400BB4087 /* TCCategory.h */ = {isa = PBXFileReference; fileEncoding = 4; lastKnownFileType = sourcecode.c.h; path = TCCategory.h; sourceTree = "<group>"; };
		5F575B361760939400BB4087 /* TCCategory.m */ = {isa = PBXFileReference; fileEncoding = 4; lastKnownFileType = sourcecode.c.objc; path = TCCategory.m; sourceTree = "<group>"; };
		5F575B371760939400BB4087 /* TCCategoryTableViewCell.h */ = {isa = PBXFileReference; fileEncoding = 4; lastKnownFileType = sourcecode.c.h; path = TCCategoryTableViewCell.h; sourceTree = "<group>"; };
		5F575B381760939400BB4087 /* TCCategoryTableViewCell.m */ = {isa = PBXFileReference; fileEncoding = 4; lastKnownFileType = sourcecode.c.objc; path = TCCategoryTableViewCell.m; sourceTree = "<group>"; };
		5F575B391760939400BB4087 /* TCClient-Info.plist */ = {isa = PBXFileReference; fileEncoding = 4; lastKnownFileType = text.plist.xml; path = "TCClient-Info.plist"; sourceTree = "<group>"; };
		5F575B3A1760939400BB4087 /* TCClient-Prefix.pch */ = {isa = PBXFileReference; fileEncoding = 4; lastKnownFileType = sourcecode.c.h; path = "TCClient-Prefix.pch"; sourceTree = "<group>"; };
		5F575B3B1760939400BB4087 /* TCObject.h */ = {isa = PBXFileReference; fileEncoding = 4; lastKnownFileType = sourcecode.c.h; path = TCObject.h; sourceTree = "<group>"; };
		5F575B3C1760939400BB4087 /* TCObject.m */ = {isa = PBXFileReference; fileEncoding = 4; lastKnownFileType = sourcecode.c.objc; path = TCObject.m; sourceTree = "<group>"; };
		5F575B3D1760939400BB4087 /* TCTchillrServerClient.h */ = {isa = PBXFileReference; fileEncoding = 4; lastKnownFileType = sourcecode.c.h; path = TCTchillrServerClient.h; sourceTree = "<group>"; };
		5F575B3E1760939400BB4087 /* TCTchillrServerClient.m */ = {isa = PBXFileReference; fileEncoding = 4; lastKnownFileType = sourcecode.c.objc; path = TCTchillrServerClient.m; sourceTree = "<group>"; };
		5F575B3F1760939400BB4087 /* TCVelibContract.h */ = {isa = PBXFileReference; fileEncoding = 4; lastKnownFileType = sourcecode.c.h; path = TCVelibContract.h; sourceTree = "<group>"; };
		5F575B401760939400BB4087 /* TCVelibContract.m */ = {isa = PBXFileReference; fileEncoding = 4; lastKnownFileType = sourcecode.c.objc; path = TCVelibContract.m; sourceTree = "<group>"; };
		5F8FC40F1760949E003803EE /* AFHTTPClient.h */ = {isa = PBXFileReference; fileEncoding = 4; lastKnownFileType = sourcecode.c.h; path = AFHTTPClient.h; sourceTree = "<group>"; };
		5F8FC4101760949E003803EE /* AFHTTPClient.m */ = {isa = PBXFileReference; fileEncoding = 4; lastKnownFileType = sourcecode.c.objc; path = AFHTTPClient.m; sourceTree = "<group>"; };
		5F8FC4111760949E003803EE /* AFHTTPRequestOperation.h */ = {isa = PBXFileReference; fileEncoding = 4; lastKnownFileType = sourcecode.c.h; path = AFHTTPRequestOperation.h; sourceTree = "<group>"; };
		5F8FC4121760949E003803EE /* AFHTTPRequestOperation.m */ = {isa = PBXFileReference; fileEncoding = 4; lastKnownFileType = sourcecode.c.objc; path = AFHTTPRequestOperation.m; sourceTree = "<group>"; };
		5F8FC4131760949E003803EE /* AFImageRequestOperation.h */ = {isa = PBXFileReference; fileEncoding = 4; lastKnownFileType = sourcecode.c.h; path = AFImageRequestOperation.h; sourceTree = "<group>"; };
		5F8FC4141760949E003803EE /* AFImageRequestOperation.m */ = {isa = PBXFileReference; fileEncoding = 4; lastKnownFileType = sourcecode.c.objc; path = AFImageRequestOperation.m; sourceTree = "<group>"; };
		5F8FC4151760949E003803EE /* AFJSONRequestOperation.h */ = {isa = PBXFileReference; fileEncoding = 4; lastKnownFileType = sourcecode.c.h; path = AFJSONRequestOperation.h; sourceTree = "<group>"; };
		5F8FC4161760949E003803EE /* AFJSONRequestOperation.m */ = {isa = PBXFileReference; fileEncoding = 4; lastKnownFileType = sourcecode.c.objc; path = AFJSONRequestOperation.m; sourceTree = "<group>"; };
		5F8FC4171760949E003803EE /* AFNetworkActivityIndicatorManager.h */ = {isa = PBXFileReference; fileEncoding = 4; lastKnownFileType = sourcecode.c.h; path = AFNetworkActivityIndicatorManager.h; sourceTree = "<group>"; };
		5F8FC4181760949E003803EE /* AFNetworkActivityIndicatorManager.m */ = {isa = PBXFileReference; fileEncoding = 4; lastKnownFileType = sourcecode.c.objc; path = AFNetworkActivityIndicatorManager.m; sourceTree = "<group>"; };
		5F8FC4191760949E003803EE /* AFNetworking.h */ = {isa = PBXFileReference; fileEncoding = 4; lastKnownFileType = sourcecode.c.h; path = AFNetworking.h; sourceTree = "<group>"; };
		5F8FC41A1760949E003803EE /* AFPropertyListRequestOperation.h */ = {isa = PBXFileReference; fileEncoding = 4; lastKnownFileType = sourcecode.c.h; path = AFPropertyListRequestOperation.h; sourceTree = "<group>"; };
		5F8FC41B1760949E003803EE /* AFPropertyListRequestOperation.m */ = {isa = PBXFileReference; fileEncoding = 4; lastKnownFileType = sourcecode.c.objc; path = AFPropertyListRequestOperation.m; sourceTree = "<group>"; };
		5F8FC41C1760949E003803EE /* AFURLConnectionOperation.h */ = {isa = PBXFileReference; fileEncoding = 4; lastKnownFileType = sourcecode.c.h; path = AFURLConnectionOperation.h; sourceTree = "<group>"; };
		5F8FC41D1760949E003803EE /* AFURLConnectionOperation.m */ = {isa = PBXFileReference; fileEncoding = 4; lastKnownFileType = sourcecode.c.objc; path = AFURLConnectionOperation.m; sourceTree = "<group>"; };
		5F8FC41E1760949E003803EE /* AFXMLRequestOperation.h */ = {isa = PBXFileReference; fileEncoding = 4; lastKnownFileType = sourcecode.c.h; path = AFXMLRequestOperation.h; sourceTree = "<group>"; };
		5F8FC41F1760949E003803EE /* AFXMLRequestOperation.m */ = {isa = PBXFileReference; fileEncoding = 4; lastKnownFileType = sourcecode.c.objc; path = AFXMLRequestOperation.m; sourceTree = "<group>"; };
		5F8FC4201760949E003803EE /* UIImageView+AFNetworking.h */ = {isa = PBXFileReference; fileEncoding = 4; lastKnownFileType = sourcecode.c.h; path = "UIImageView+AFNetworking.h"; sourceTree = "<group>"; };
		5F8FC4211760949E003803EE /* UIImageView+AFNetworking.m */ = {isa = PBXFileReference; fileEncoding = 4; lastKnownFileType = sourcecode.c.objc; path = "UIImageView+AFNetworking.m"; sourceTree = "<group>"; };
		5F8FC42B176094C6003803EE /* SystemConfiguration.framework */ = {isa = PBXFileReference; lastKnownFileType = wrapper.framework; name = SystemConfiguration.framework; path = System/Library/Frameworks/SystemConfiguration.framework; sourceTree = SDKROOT; };
		5F8FC42D176094CC003803EE /* MobileCoreServices.framework */ = {isa = PBXFileReference; lastKnownFileType = wrapper.framework; name = MobileCoreServices.framework; path = System/Library/Frameworks/MobileCoreServices.framework; sourceTree = SDKROOT; };
/* End PBXFileReference section */

/* Begin PBXFrameworksBuildPhase section */
		0546E55F175E0FB500A8BF38 /* Frameworks */ = {
			isa = PBXFrameworksBuildPhase;
			buildActionMask = 2147483647;
			files = (
				5F8FC42E176094CC003803EE /* MobileCoreServices.framework in Frameworks */,
				5F8FC42C176094C6003803EE /* SystemConfiguration.framework in Frameworks */,
				0546E566175E0FB500A8BF38 /* UIKit.framework in Frameworks */,
				0546E568175E0FB500A8BF38 /* Foundation.framework in Frameworks */,
				0546E56A175E0FB500A8BF38 /* CoreGraphics.framework in Frameworks */,
			);
			runOnlyForDeploymentPostprocessing = 0;
		};
/* End PBXFrameworksBuildPhase section */

/* Begin PBXGroup section */
		0546E559175E0FB500A8BF38 = {
			isa = PBXGroup;
			children = (
				5F8FC40D1760949E003803EE /* vendor */,
				5F575B1C1760939400BB4087 /* src */,
				0546E564175E0FB500A8BF38 /* Frameworks */,
				0546E563175E0FB500A8BF38 /* Products */,
			);
			sourceTree = "<group>";
		};
		0546E563175E0FB500A8BF38 /* Products */ = {
			isa = PBXGroup;
			children = (
				0546E562175E0FB500A8BF38 /* TCClient.app */,
			);
			name = Products;
			sourceTree = "<group>";
		};
		0546E564175E0FB500A8BF38 /* Frameworks */ = {
			isa = PBXGroup;
			children = (
				5F8FC42D176094CC003803EE /* MobileCoreServices.framework */,
				5F8FC42B176094C6003803EE /* SystemConfiguration.framework */,
				0546E565175E0FB500A8BF38 /* UIKit.framework */,
				0546E567175E0FB500A8BF38 /* Foundation.framework */,
				0546E569175E0FB500A8BF38 /* CoreGraphics.framework */,
			);
			name = Frameworks;
			sourceTree = "<group>";
		};
		05D7BF321764E5A700166475 /* Categories */ = {
			isa = PBXGroup;
			children = (
				05D7BF331764E5D100166475 /* NSString+TCAdditions.h */,
				05D7BF341764E5D100166475 /* NSString+TCAdditions.m */,
				05D7BF3E1766836200166475 /* NSDate+TCAdditions.h */,
				05D7BF3F1766836200166475 /* NSDate+TCAdditions.m */,
			);
			name = Categories;
			sourceTree = "<group>";
		};
		5F575B1C1760939400BB4087 /* src */ = {
			isa = PBXGroup;
			children = (
				05D7BF321764E5A700166475 /* Categories */,
				5F575B57176093B200BB4087 /* Supporting Files */,
				5F575B5B176093F000BB4087 /* Model */,
				5F575B59176093CF00BB4087 /* Delegates */,
				5F575B58176093C000BB4087 /* Controllers */,
				5F575B5A176093D800BB4087 /* Views */,
			);
			name = src;
			path = TCClient;
			sourceTree = "<group>";
		};
		5F575B57176093B200BB4087 /* Supporting Files */ = {
			isa = PBXGroup;
			children = (
				05D7BF301763867900166475 /* heart_selected.png */,
				05D7BF2E17636FBE00166475 /* heart.png */,
				5F575B1D1760939400BB4087 /* Default-568h@2x.png */,
				5F575B1E1760939400BB4087 /* Default.png */,
				5F575B1F1760939400BB4087 /* Default@2x.png */,
				5F575B201760939400BB4087 /* InfoPlist.strings */,
				5F575B241760939400BB4087 /* first.png */,
				5F575B251760939400BB4087 /* first@2x.png */,
				5F575B261760939400BB4087 /* main.m */,
				5F575B271760939400BB4087 /* second.png */,
				5F575B281760939400BB4087 /* second@2x.png */,
				5F575B391760939400BB4087 /* TCClient-Info.plist */,
				5F575B3A1760939400BB4087 /* TCClient-Prefix.pch */,
			);
			name = "Supporting Files";
			sourceTree = "<group>";
		};
		5F575B58176093C000BB4087 /* Controllers */ = {
			isa = PBXGroup;
			children = (
				5F575B221760939400BB4087 /* MainStoryboard.storyboard */,
				5F575B291760939400BB4087 /* TCActivitiesViewController.h */,
				5F575B2A1760939400BB4087 /* TCActivitiesViewController.m */,
				5F575B2D1760939400BB4087 /* TCActivityDetailViewController.h */,
				5F575B2E1760939400BB4087 /* TCActivityDetailViewController.m */,
				5F575B331760939400BB4087 /* TCCategoriesViewController.h */,
				5F575B341760939400BB4087 /* TCCategoriesViewController.m */,
				0546E5DE1760992400A8BF38 /* TCKeywordCounterViewController.h */,
				0546E5DF1760992400A8BF38 /* TCKeywordCounterViewController.m */,
				05D7BF1917634EE100166475 /* TCThemesViewController.h */,
				05D7BF1A17634EE100166475 /* TCThemesViewController.m */,
				05D7BF1C1763549F00166475 /* TCThemeViewController.h */,
				05D7BF1D1763549F00166475 /* TCThemeViewController.m */,
				05D7BF361765425300166475 /* TCUserActivitiesViewController.h */,
				05D7BF371765425300166475 /* TCUserActivitiesViewController.m */,
			);
			name = Controllers;
			sourceTree = "<group>";
		};
		5F575B59176093CF00BB4087 /* Delegates */ = {
			isa = PBXGroup;
			children = (
				5F575B311760939400BB4087 /* TCAppDelegate.h */,
				5F575B321760939400BB4087 /* TCAppDelegate.m */,
			);
			name = Delegates;
			sourceTree = "<group>";
		};
		5F575B5A176093D800BB4087 /* Views */ = {
			isa = PBXGroup;
			children = (
				5F575B2F1760939400BB4087 /* TCActivityTableViewCell.h */,
				5F575B301760939400BB4087 /* TCActivityTableViewCell.m */,
				5F575B371760939400BB4087 /* TCCategoryTableViewCell.h */,
				5F575B381760939400BB4087 /* TCCategoryTableViewCell.m */,
				05D7BF2817636E1C00166475 /* TCTagTableViewCell.h */,
				05D7BF2917636E1C00166475 /* TCTagTableViewCell.m */,
				05D7BF2B17636ED900166475 /* TCTagView.h */,
				05D7BF2C17636ED900166475 /* TCTagView.m */,
			);
			name = Views;
			sourceTree = "<group>";
		};
		5F575B5B176093F000BB4087 /* Model */ = {
			isa = PBXGroup;
			children = (
				5F575B3D1760939400BB4087 /* TCTchillrServerClient.h */,
				5F575B3E1760939400BB4087 /* TCTchillrServerClient.m */,
				5F575B2B1760939400BB4087 /* TCActivity.h */,
				5F575B2C1760939400BB4087 /* TCActivity.m */,
				5F575B351760939400BB4087 /* TCCategory.h */,
				5F575B361760939400BB4087 /* TCCategory.m */,
				5F575B3B1760939400BB4087 /* TCObject.h */,
				5F575B3C1760939400BB4087 /* TCObject.m */,
				5F575B3F1760939400BB4087 /* TCVelibContract.h */,
				5F575B401760939400BB4087 /* TCVelibContract.m */,
				0546E5E117609AEC00A8BF38 /* TCKeyword.h */,
				0546E5E217609AEC00A8BF38 /* TCKeyword.m */,
				05D7BF221763669300166475 /* TCTag.h */,
				05D7BF231763669300166475 /* TCTag.m */,
				05D7BF25176368E500166475 /* TCTheme.h */,
				05D7BF26176368E500166475 /* TCTheme.m */,
				05D7BF3B1766591600166475 /* TCOccurence.h */,
				05D7BF3C1766591600166475 /* TCOccurence.m */,
			);
			name = Model;
			sourceTree = "<group>";
		};
		5F8FC40D1760949E003803EE /* vendor */ = {
			isa = PBXGroup;
			children = (
				5F8FC40E1760949E003803EE /* AFNetworking */,
			);
			name = vendor;
			path = ../../vendor;
			sourceTree = "<group>";
		};
		5F8FC40E1760949E003803EE /* AFNetworking */ = {
			isa = PBXGroup;
			children = (
				5F8FC40F1760949E003803EE /* AFHTTPClient.h */,
				5F8FC4101760949E003803EE /* AFHTTPClient.m */,
				5F8FC4111760949E003803EE /* AFHTTPRequestOperation.h */,
				5F8FC4121760949E003803EE /* AFHTTPRequestOperation.m */,
				5F8FC4131760949E003803EE /* AFImageRequestOperation.h */,
				5F8FC4141760949E003803EE /* AFImageRequestOperation.m */,
				5F8FC4151760949E003803EE /* AFJSONRequestOperation.h */,
				5F8FC4161760949E003803EE /* AFJSONRequestOperation.m */,
				5F8FC4171760949E003803EE /* AFNetworkActivityIndicatorManager.h */,
				5F8FC4181760949E003803EE /* AFNetworkActivityIndicatorManager.m */,
				5F8FC4191760949E003803EE /* AFNetworking.h */,
				5F8FC41A1760949E003803EE /* AFPropertyListRequestOperation.h */,
				5F8FC41B1760949E003803EE /* AFPropertyListRequestOperation.m */,
				5F8FC41C1760949E003803EE /* AFURLConnectionOperation.h */,
				5F8FC41D1760949E003803EE /* AFURLConnectionOperation.m */,
				5F8FC41E1760949E003803EE /* AFXMLRequestOperation.h */,
				5F8FC41F1760949E003803EE /* AFXMLRequestOperation.m */,
				5F8FC4201760949E003803EE /* UIImageView+AFNetworking.h */,
				5F8FC4211760949E003803EE /* UIImageView+AFNetworking.m */,
			);
			path = AFNetworking;
			sourceTree = "<group>";
		};
/* End PBXGroup section */

/* Begin PBXNativeTarget section */
		0546E561175E0FB500A8BF38 /* TCClient */ = {
			isa = PBXNativeTarget;
			buildConfigurationList = 0546E590175E0FB500A8BF38 /* Build configuration list for PBXNativeTarget "TCClient" */;
			buildPhases = (
				0546E55E175E0FB500A8BF38 /* Sources */,
				0546E55F175E0FB500A8BF38 /* Frameworks */,
				0546E560175E0FB500A8BF38 /* Resources */,
			);
			buildRules = (
			);
			dependencies = (
			);
			name = TCClient;
			productName = TCClient;
			productReference = 0546E562175E0FB500A8BF38 /* TCClient.app */;
			productType = "com.apple.product-type.application";
		};
/* End PBXNativeTarget section */

/* Begin PBXProject section */
		0546E55A175E0FB500A8BF38 /* Project object */ = {
			isa = PBXProject;
			attributes = {
				CLASSPREFIX = TC;
				LastUpgradeCheck = 0460;
				ORGANIZATIONNAME = Tchillr;
			};
			buildConfigurationList = 0546E55D175E0FB500A8BF38 /* Build configuration list for PBXProject "TCClient" */;
			compatibilityVersion = "Xcode 3.2";
			developmentRegion = English;
			hasScannedForEncodings = 0;
			knownRegions = (
				en,
			);
			mainGroup = 0546E559175E0FB500A8BF38;
			productRefGroup = 0546E563175E0FB500A8BF38 /* Products */;
			projectDirPath = "";
			projectRoot = "";
			targets = (
				0546E561175E0FB500A8BF38 /* TCClient */,
			);
		};
/* End PBXProject section */

/* Begin PBXResourcesBuildPhase section */
		0546E560175E0FB500A8BF38 /* Resources */ = {
			isa = PBXResourcesBuildPhase;
			buildActionMask = 2147483647;
			files = (
				5F575B411760939400BB4087 /* Default-568h@2x.png in Resources */,
				5F575B421760939400BB4087 /* Default.png in Resources */,
				5F575B431760939400BB4087 /* Default@2x.png in Resources */,
				5F575B441760939400BB4087 /* InfoPlist.strings in Resources */,
				5F575B451760939400BB4087 /* MainStoryboard.storyboard in Resources */,
				5F575B461760939400BB4087 /* first.png in Resources */,
				5F575B471760939400BB4087 /* first@2x.png in Resources */,
				5F575B491760939400BB4087 /* second.png in Resources */,
				5F575B4A1760939400BB4087 /* second@2x.png in Resources */,
				05D7BF2F17636FBE00166475 /* heart.png in Resources */,
				05D7BF311763867A00166475 /* heart_selected.png in Resources */,
			);
			runOnlyForDeploymentPostprocessing = 0;
		};
/* End PBXResourcesBuildPhase section */

/* Begin PBXSourcesBuildPhase section */
		0546E55E175E0FB500A8BF38 /* Sources */ = {
			isa = PBXSourcesBuildPhase;
			buildActionMask = 2147483647;
			files = (
				5F575B481760939400BB4087 /* main.m in Sources */,
				5F575B4B1760939400BB4087 /* TCActivitiesViewController.m in Sources */,
				5F575B4C1760939400BB4087 /* TCActivity.m in Sources */,
				5F575B4D1760939400BB4087 /* TCActivityDetailViewController.m in Sources */,
				5F575B4E1760939400BB4087 /* TCActivityTableViewCell.m in Sources */,
				5F575B4F1760939400BB4087 /* TCAppDelegate.m in Sources */,
				5F575B501760939400BB4087 /* TCCategoriesViewController.m in Sources */,
				5F575B511760939400BB4087 /* TCCategory.m in Sources */,
				5F575B521760939400BB4087 /* TCCategoryTableViewCell.m in Sources */,
				5F575B541760939400BB4087 /* TCObject.m in Sources */,
				5F575B561760939400BB4087 /* TCVelibContract.m in Sources */,
				5F8FC4221760949E003803EE /* AFHTTPClient.m in Sources */,
				5F8FC4231760949E003803EE /* AFHTTPRequestOperation.m in Sources */,
				5F8FC4241760949E003803EE /* AFImageRequestOperation.m in Sources */,
				5F8FC4251760949E003803EE /* AFJSONRequestOperation.m in Sources */,
				5F8FC4261760949E003803EE /* AFNetworkActivityIndicatorManager.m in Sources */,
				5F8FC4271760949E003803EE /* AFPropertyListRequestOperation.m in Sources */,
				5F8FC4281760949E003803EE /* AFURLConnectionOperation.m in Sources */,
				5F8FC4291760949E003803EE /* AFXMLRequestOperation.m in Sources */,
				5F8FC42A1760949E003803EE /* UIImageView+AFNetworking.m in Sources */,
				0546E5E01760992400A8BF38 /* TCKeywordCounterViewController.m in Sources */,
				0546E5E317609AEC00A8BF38 /* TCKeyword.m in Sources */,
				05D7BF1B17634EE100166475 /* TCThemesViewController.m in Sources */,
				05D7BF1E1763549F00166475 /* TCThemeViewController.m in Sources */,
				05D7BF241763669300166475 /* TCTag.m in Sources */,
				05D7BF27176368E500166475 /* TCTheme.m in Sources */,
				05D7BF2A17636E1C00166475 /* TCTagTableViewCell.m in Sources */,
				05D7BF2D17636ED900166475 /* TCTagView.m in Sources */,
				05D7BF351764E5D100166475 /* NSString+TCAdditions.m in Sources */,
				05D7BF381765425400166475 /* TCUserActivitiesViewController.m in Sources */,
				05D7BF3D1766591600166475 /* TCOccurence.m in Sources */,
				05D7BF401766836200166475 /* NSDate+TCAdditions.m in Sources */,
				05D7BF431767332C00166475 /* TCTchillrServerClient.m in Sources */,
			);
			runOnlyForDeploymentPostprocessing = 0;
		};
/* End PBXSourcesBuildPhase section */

/* Begin PBXVariantGroup section */
		5F575B201760939400BB4087 /* InfoPlist.strings */ = {
			isa = PBXVariantGroup;
			children = (
				5F575B211760939400BB4087 /* en */,
			);
			name = InfoPlist.strings;
			sourceTree = "<group>";
		};
		5F575B221760939400BB4087 /* MainStoryboard.storyboard */ = {
			isa = PBXVariantGroup;
			children = (
				5F575B231760939400BB4087 /* en */,
			);
			name = MainStoryboard.storyboard;
			sourceTree = "<group>";
		};
/* End PBXVariantGroup section */

/* Begin XCBuildConfiguration section */
		0546E58E175E0FB500A8BF38 /* Debug */ = {
			isa = XCBuildConfiguration;
			buildSettings = {
				ALWAYS_SEARCH_USER_PATHS = NO;
				CLANG_CXX_LANGUAGE_STANDARD = "gnu++0x";
				CLANG_CXX_LIBRARY = "libc++";
				CLANG_ENABLE_OBJC_ARC = YES;
				CLANG_WARN_CONSTANT_CONVERSION = YES;
				CLANG_WARN_EMPTY_BODY = YES;
				CLANG_WARN_ENUM_CONVERSION = YES;
				CLANG_WARN_INT_CONVERSION = YES;
				CLANG_WARN__DUPLICATE_METHOD_MATCH = YES;
				"CODE_SIGN_IDENTITY[sdk=iphoneos*]" = "iPhone Developer";
				COPY_PHASE_STRIP = NO;
				GCC_C_LANGUAGE_STANDARD = gnu99;
				GCC_DYNAMIC_NO_PIC = NO;
				GCC_OPTIMIZATION_LEVEL = 0;
				GCC_PREPROCESSOR_DEFINITIONS = (
					"DEBUG=1",
					"$(inherited)",
				);
				GCC_SYMBOLS_PRIVATE_EXTERN = NO;
				GCC_WARN_ABOUT_RETURN_TYPE = YES;
				GCC_WARN_UNINITIALIZED_AUTOS = YES;
				GCC_WARN_UNUSED_VARIABLE = YES;
				IPHONEOS_DEPLOYMENT_TARGET = 6.1;
				ONLY_ACTIVE_ARCH = YES;
				SDKROOT = iphoneos;
			};
			name = Debug;
		};
		0546E58F175E0FB500A8BF38 /* Release */ = {
			isa = XCBuildConfiguration;
			buildSettings = {
				ALWAYS_SEARCH_USER_PATHS = NO;
				CLANG_CXX_LANGUAGE_STANDARD = "gnu++0x";
				CLANG_CXX_LIBRARY = "libc++";
				CLANG_ENABLE_OBJC_ARC = YES;
				CLANG_WARN_CONSTANT_CONVERSION = YES;
				CLANG_WARN_EMPTY_BODY = YES;
				CLANG_WARN_ENUM_CONVERSION = YES;
				CLANG_WARN_INT_CONVERSION = YES;
				CLANG_WARN__DUPLICATE_METHOD_MATCH = YES;
				"CODE_SIGN_IDENTITY[sdk=iphoneos*]" = "iPhone Developer";
				COPY_PHASE_STRIP = YES;
				GCC_C_LANGUAGE_STANDARD = gnu99;
				GCC_WARN_ABOUT_RETURN_TYPE = YES;
				GCC_WARN_UNINITIALIZED_AUTOS = YES;
				GCC_WARN_UNUSED_VARIABLE = YES;
				IPHONEOS_DEPLOYMENT_TARGET = 6.1;
				OTHER_CFLAGS = "-DNS_BLOCK_ASSERTIONS=1";
				SDKROOT = iphoneos;
				VALIDATE_PRODUCT = YES;
			};
			name = Release;
		};
		0546E591175E0FB500A8BF38 /* Debug */ = {
			isa = XCBuildConfiguration;
			buildSettings = {
				GCC_PRECOMPILE_PREFIX_HEADER = YES;
				GCC_PREFIX_HEADER = "TCClient/TCClient-Prefix.pch";
				INFOPLIST_FILE = "TCClient/TCClient-Info.plist";
				PRODUCT_NAME = "$(TARGET_NAME)";
				WRAPPER_EXTENSION = app;
			};
			name = Debug;
		};
		0546E592175E0FB500A8BF38 /* Release */ = {
			isa = XCBuildConfiguration;
			buildSettings = {
				GCC_PRECOMPILE_PREFIX_HEADER = YES;
				GCC_PREFIX_HEADER = "TCClient/TCClient-Prefix.pch";
				INFOPLIST_FILE = "TCClient/TCClient-Info.plist";
				PRODUCT_NAME = "$(TARGET_NAME)";
				WRAPPER_EXTENSION = app;
			};
			name = Release;
		};
/* End XCBuildConfiguration section */

/* Begin XCConfigurationList section */
		0546E55D175E0FB500A8BF38 /* Build configuration list for PBXProject "TCClient" */ = {
			isa = XCConfigurationList;
			buildConfigurations = (
				0546E58E175E0FB500A8BF38 /* Debug */,
				0546E58F175E0FB500A8BF38 /* Release */,
			);
			defaultConfigurationIsVisible = 0;
			defaultConfigurationName = Release;
		};
		0546E590175E0FB500A8BF38 /* Build configuration list for PBXNativeTarget "TCClient" */ = {
			isa = XCConfigurationList;
			buildConfigurations = (
				0546E591175E0FB500A8BF38 /* Debug */,
				0546E592175E0FB500A8BF38 /* Release */,
			);
			defaultConfigurationIsVisible = 0;
			defaultConfigurationName = Release;
		};
/* End XCConfigurationList section */
	};
	rootObject = 0546E55A175E0FB500A8BF38 /* Project object */;
}
