// !$*UTF8*$!
{
	archiveVersion = 1;
	classes = {
	};
	objectVersion = 46;
	objects = {

/* Begin PBXBuildFile section */
		053AC2F71772112000CD8C3F /* TCLocationAnnotation.m in Sources */ = {isa = PBXBuildFile; fileRef = 053AC2F61772112000CD8C3F /* TCLocationAnnotation.m */; };
		053AC3341772284800CD8C3F /* Icon.png in Resources */ = {isa = PBXBuildFile; fileRef = 053AC3321772284800CD8C3F /* Icon.png */; };
		053AC3351772284800CD8C3F /* Icon@2x.png in Resources */ = {isa = PBXBuildFile; fileRef = 053AC3331772284800CD8C3F /* Icon@2x.png */; };
		053AC476177258EA00CD8C3F /* AFHTTPClient.m in Sources */ = {isa = PBXBuildFile; fileRef = 053AC464177258EA00CD8C3F /* AFHTTPClient.m */; };
		053AC477177258EA00CD8C3F /* AFHTTPRequestOperation.m in Sources */ = {isa = PBXBuildFile; fileRef = 053AC466177258EA00CD8C3F /* AFHTTPRequestOperation.m */; };
		053AC478177258EA00CD8C3F /* AFImageRequestOperation.m in Sources */ = {isa = PBXBuildFile; fileRef = 053AC468177258EA00CD8C3F /* AFImageRequestOperation.m */; };
		053AC479177258EA00CD8C3F /* AFJSONRequestOperation.m in Sources */ = {isa = PBXBuildFile; fileRef = 053AC46A177258EA00CD8C3F /* AFJSONRequestOperation.m */; };
		053AC47A177258EA00CD8C3F /* AFNetworkActivityIndicatorManager.m in Sources */ = {isa = PBXBuildFile; fileRef = 053AC46C177258EA00CD8C3F /* AFNetworkActivityIndicatorManager.m */; };
		053AC47B177258EA00CD8C3F /* AFPropertyListRequestOperation.m in Sources */ = {isa = PBXBuildFile; fileRef = 053AC46F177258EA00CD8C3F /* AFPropertyListRequestOperation.m */; };
		053AC47C177258EA00CD8C3F /* AFURLConnectionOperation.m in Sources */ = {isa = PBXBuildFile; fileRef = 053AC471177258EA00CD8C3F /* AFURLConnectionOperation.m */; };
		053AC47D177258EA00CD8C3F /* AFXMLRequestOperation.m in Sources */ = {isa = PBXBuildFile; fileRef = 053AC473177258EA00CD8C3F /* AFXMLRequestOperation.m */; };
		053AC47E177258EA00CD8C3F /* UIImageView+AFNetworking.m in Sources */ = {isa = PBXBuildFile; fileRef = 053AC475177258EA00CD8C3F /* UIImageView+AFNetworking.m */; };
		0594D6961771DD6E00744BF3 /* UIKit.framework in Frameworks */ = {isa = PBXBuildFile; fileRef = 0594D6951771DD6E00744BF3 /* UIKit.framework */; };
		0594D6981771DD6E00744BF3 /* Foundation.framework in Frameworks */ = {isa = PBXBuildFile; fileRef = 0594D6971771DD6E00744BF3 /* Foundation.framework */; };
		0594D69A1771DD6E00744BF3 /* CoreGraphics.framework in Frameworks */ = {isa = PBXBuildFile; fileRef = 0594D6991771DD6E00744BF3 /* CoreGraphics.framework */; };
		0594D6A01771DD6E00744BF3 /* InfoPlist.strings in Resources */ = {isa = PBXBuildFile; fileRef = 0594D69E1771DD6E00744BF3 /* InfoPlist.strings */; };
		0594D6A21771DD6E00744BF3 /* main.m in Sources */ = {isa = PBXBuildFile; fileRef = 0594D6A11771DD6E00744BF3 /* main.m */; };
		0594D6A61771DD6E00744BF3 /* TCAppDelegate.m in Sources */ = {isa = PBXBuildFile; fileRef = 0594D6A51771DD6E00744BF3 /* TCAppDelegate.m */; };
		0594D6AF1771DD6E00744BF3 /* MainStoryboard.storyboard in Resources */ = {isa = PBXBuildFile; fileRef = 0594D6AD1771DD6E00744BF3 /* MainStoryboard.storyboard */; };
		0594D6B21771DD6E00744BF3 /* TCViewController.m in Sources */ = {isa = PBXBuildFile; fileRef = 0594D6B11771DD6E00744BF3 /* TCViewController.m */; };
		0594D6BE1771DF8E00744BF3 /* Default-568h@2x.png in Resources */ = {isa = PBXBuildFile; fileRef = 0594D6BA1771DF8E00744BF3 /* Default-568h@2x.png */; };
		0594D6BF1771DF8E00744BF3 /* Default.png in Resources */ = {isa = PBXBuildFile; fileRef = 0594D6BB1771DF8E00744BF3 /* Default.png */; };
		0594D6C01771DF8E00744BF3 /* Default@2x.png in Resources */ = {isa = PBXBuildFile; fileRef = 0594D6BC1771DF8E00744BF3 /* Default@2x.png */; };
		0594D6C71771E13000744BF3 /* TCMapViewController.m in Sources */ = {isa = PBXBuildFile; fileRef = 0594D6C61771E13000744BF3 /* TCMapViewController.m */; };
		0594D6C91771E14800744BF3 /* MapKit.framework in Frameworks */ = {isa = PBXBuildFile; fileRef = 0594D6C81771E14800744BF3 /* MapKit.framework */; };
		0594D6CB1771E14F00744BF3 /* CoreLocation.framework in Frameworks */ = {isa = PBXBuildFile; fileRef = 0594D6CA1771E14F00744BF3 /* CoreLocation.framework */; };
		05A50490177DE5BE00083CEF /* UICollectionViewCell+Tchillr.m in Sources */ = {isa = PBXBuildFile; fileRef = 05A5048F177DE5BE00083CEF /* UICollectionViewCell+Tchillr.m */; };
		05A50493177DE8C100083CEF /* TCActivityTagsCollectionViewCell.m in Sources */ = {isa = PBXBuildFile; fileRef = 05A50492177DE8C100083CEF /* TCActivityTagsCollectionViewCell.m */; };
		05A5049A177E251600083CEF /* btn_heart_empty.png in Resources */ = {isa = PBXBuildFile; fileRef = 05A50494177E251500083CEF /* btn_heart_empty.png */; };
		05A5049B177E251600083CEF /* btn_heart_empty@2x.png in Resources */ = {isa = PBXBuildFile; fileRef = 05A50495177E251500083CEF /* btn_heart_empty@2x.png */; };
		05A5049C177E251600083CEF /* btn_heart_highlighted.png in Resources */ = {isa = PBXBuildFile; fileRef = 05A50496177E251500083CEF /* btn_heart_highlighted.png */; };
		05A5049D177E251600083CEF /* btn_heart_highlighted@2x.png in Resources */ = {isa = PBXBuildFile; fileRef = 05A50497177E251500083CEF /* btn_heart_highlighted@2x.png */; };
		05A5049E177E251600083CEF /* btn_heart_selected.png in Resources */ = {isa = PBXBuildFile; fileRef = 05A50498177E251600083CEF /* btn_heart_selected.png */; };
		05A5049F177E251600083CEF /* btn_heart_selected@2x.png in Resources */ = {isa = PBXBuildFile; fileRef = 05A50499177E251600083CEF /* btn_heart_selected@2x.png */; };
		05A889891781B7DA002DFE94 /* TCActivityGalleryCollectionViewCell.m in Sources */ = {isa = PBXBuildFile; fileRef = 05A889881781B7DA002DFE94 /* TCActivityGalleryCollectionViewCell.m */; };
		05A88A801781D362002DFE94 /* TCMedia.m in Sources */ = {isa = PBXBuildFile; fileRef = 05A88A7F1781D362002DFE94 /* TCMedia.m */; };
		05BDD605177AFC5800CF282E /* TCRouteViewController.m in Sources */ = {isa = PBXBuildFile; fileRef = 05BDD604177AFC5800CF282E /* TCRouteViewController.m */; };
		05BDD60B177B9F6F00CF282E /* TCActivityDetailResizableCell.m in Sources */ = {isa = PBXBuildFile; fileRef = 05BDD60A177B9F6F00CF282E /* TCActivityDetailResizableCell.m */; };
		05BDD60E177BA54600CF282E /* UILabel+Tchillr.m in Sources */ = {isa = PBXBuildFile; fileRef = 05BDD60D177BA54600CF282E /* UILabel+Tchillr.m */; };
		05BDD610177BC13800CF282E /* TCActivityDetailViewHeader.xib in Resources */ = {isa = PBXBuildFile; fileRef = 05BDD60F177BC13700CF282E /* TCActivityDetailViewHeader.xib */; };
		05EA91B217731BA100DC2619 /* heart_selected.png in Resources */ = {isa = PBXBuildFile; fileRef = 05EA91AE17731BA100DC2619 /* heart_selected.png */; };
		05EA91B317731BA100DC2619 /* heart_selected@2x.png in Resources */ = {isa = PBXBuildFile; fileRef = 05EA91AF17731BA100DC2619 /* heart_selected@2x.png */; };
		05EA91B417731BA100DC2619 /* heart.png in Resources */ = {isa = PBXBuildFile; fileRef = 05EA91B017731BA100DC2619 /* heart.png */; };
		05EA91B517731BA100DC2619 /* heart@2x.png in Resources */ = {isa = PBXBuildFile; fileRef = 05EA91B117731BA100DC2619 /* heart@2x.png */; };
		05EA91B81773249800DC2619 /* TCActivityCollectionViewCell.m in Sources */ = {isa = PBXBuildFile; fileRef = 05EA91B71773249800DC2619 /* TCActivityCollectionViewCell.m */; };
		05EA91C917747B3F00DC2619 /* TCActivityDetailViewController.m in Sources */ = {isa = PBXBuildFile; fileRef = 05EA91C817747B3F00DC2619 /* TCActivityDetailViewController.m */; };
		05EA91D6177491C200DC2619 /* TCLocationAnnotationView.m in Sources */ = {isa = PBXBuildFile; fileRef = 05EA91D5177491C100DC2619 /* TCLocationAnnotationView.m */; };
		05EA91D917789A2700DC2619 /* TCCalloutAnnotation.m in Sources */ = {isa = PBXBuildFile; fileRef = 05EA91D817789A2700DC2619 /* TCCalloutAnnotation.m */; };
		05EA91DD1778ED7000DC2619 /* TCServerClient.m in Sources */ = {isa = PBXBuildFile; fileRef = 05EA91DC1778ED7000DC2619 /* TCServerClient.m */; };
		05EA91F21778F0C200DC2619 /* TCActivity.m in Sources */ = {isa = PBXBuildFile; fileRef = 05EA91F11778F0C200DC2619 /* TCActivity.m */; };
		05EA91FB1778F1FF00DC2619 /* TCObject.m in Sources */ = {isa = PBXBuildFile; fileRef = 05EA91F41778F1FE00DC2619 /* TCObject.m */; };
		05EA91FC1778F1FF00DC2619 /* TCOccurence.m in Sources */ = {isa = PBXBuildFile; fileRef = 05EA91F61778F1FE00DC2619 /* TCOccurence.m */; };
		05EA91FD1778F1FF00DC2619 /* TCTag.m in Sources */ = {isa = PBXBuildFile; fileRef = 05EA91F81778F1FE00DC2619 /* TCTag.m */; };
		05EA91FE1778F1FF00DC2619 /* TCTheme.m in Sources */ = {isa = PBXBuildFile; fileRef = 05EA91FA1778F1FE00DC2619 /* TCTheme.m */; };
		05EA92011778FD5300DC2619 /* TCCalloutAnnotationView.m in Sources */ = {isa = PBXBuildFile; fileRef = 05EA92001778FD5300DC2619 /* TCCalloutAnnotationView.m */; };
		05EA920817790C6300DC2619 /* arrow.png in Resources */ = {isa = PBXBuildFile; fileRef = 05EA920217790C6300DC2619 /* arrow.png */; };
		05EA920917790C6300DC2619 /* arrow@2x.png in Resources */ = {isa = PBXBuildFile; fileRef = 05EA920317790C6300DC2619 /* arrow@2x.png */; };
		05EA920A17790C6300DC2619 /* btn_heart_menu.png in Resources */ = {isa = PBXBuildFile; fileRef = 05EA920417790C6300DC2619 /* btn_heart_menu.png */; };
		05EA920B17790C6300DC2619 /* btn_heart_menu@2x.png in Resources */ = {isa = PBXBuildFile; fileRef = 05EA920517790C6300DC2619 /* btn_heart_menu@2x.png */; };
		05EA920C17790C6300DC2619 /* btn_list.png in Resources */ = {isa = PBXBuildFile; fileRef = 05EA920617790C6300DC2619 /* btn_list.png */; };
		05EA920D17790C6300DC2619 /* btn_list@2x.png in Resources */ = {isa = PBXBuildFile; fileRef = 05EA920717790C6300DC2619 /* btn_list@2x.png */; };
		05EA921017792C2D00DC2619 /* back.png in Resources */ = {isa = PBXBuildFile; fileRef = 05EA920E17792C2D00DC2619 /* back.png */; };
		05EA921117792C2D00DC2619 /* back@2x.png in Resources */ = {isa = PBXBuildFile; fileRef = 05EA920F17792C2D00DC2619 /* back@2x.png */; };
		05EA921417792CF800DC2619 /* TCTriangleView.m in Sources */ = {isa = PBXBuildFile; fileRef = 05EA921317792CF700DC2619 /* TCTriangleView.m */; };
		05EA92171779B9A900DC2619 /* TCActivityDetailViewHeader.m in Sources */ = {isa = PBXBuildFile; fileRef = 05EA92161779B9A900DC2619 /* TCActivityDetailViewHeader.m */; };
		05EA921C1779BBDC00DC2619 /* arrow_black.png in Resources */ = {isa = PBXBuildFile; fileRef = 05EA92181779BBDC00DC2619 /* arrow_black.png */; };
		05EA921D1779BBDC00DC2619 /* arrow_black@2x.png in Resources */ = {isa = PBXBuildFile; fileRef = 05EA92191779BBDC00DC2619 /* arrow_black@2x.png */; };
		05EA921E1779BBDC00DC2619 /* separator_horizontal.png in Resources */ = {isa = PBXBuildFile; fileRef = 05EA921A1779BBDC00DC2619 /* separator_horizontal.png */; };
		05EA921F1779BBDC00DC2619 /* separator_horizontal@2x.png in Resources */ = {isa = PBXBuildFile; fileRef = 05EA921B1779BBDC00DC2619 /* separator_horizontal@2x.png */; };
		05EA92221779D3C900DC2619 /* TCAddressTableViewCell.m in Sources */ = {isa = PBXBuildFile; fileRef = 05EA92211779D3C800DC2619 /* TCAddressTableViewCell.m */; };
		05EA92251779D3E500DC2619 /* UITableViewCell+Tchillr.m in Sources */ = {isa = PBXBuildFile; fileRef = 05EA92241779D3E500DC2619 /* UITableViewCell+Tchillr.m */; };
		05EA92281779DC4800DC2619 /* TCTagsTableViewCell.m in Sources */ = {isa = PBXBuildFile; fileRef = 05EA92271779DC4700DC2619 /* TCTagsTableViewCell.m */; };
		05EA92311779F7CC00DC2619 /* TCAttendanceTableViewCell.m in Sources */ = {isa = PBXBuildFile; fileRef = 05EA92301779F7CB00DC2619 /* TCAttendanceTableViewCell.m */; };
		05EA92341779F7E700DC2619 /* TCGalleryTableViewCell.m in Sources */ = {isa = PBXBuildFile; fileRef = 05EA92331779F7E600DC2619 /* TCGalleryTableViewCell.m */; };
		05EA9239177A20EC00DC2619 /* TCDescriptionTableViewCell.m in Sources */ = {isa = PBXBuildFile; fileRef = 05EA9238177A20EB00DC2619 /* TCDescriptionTableViewCell.m */; };
		5F435E911779AA9300D99CA8 /* UIColor+Tchillr.m in Sources */ = {isa = PBXBuildFile; fileRef = 5F435E901779AA9300D99CA8 /* UIColor+Tchillr.m */; };
		5F435EC41779CF4600D99CA8 /* TCTastesViewController.m in Sources */ = {isa = PBXBuildFile; fileRef = 5F435EC31779CF4600D99CA8 /* TCTastesViewController.m */; };
		5F435EC71779CFF700D99CA8 /* btn_tick.png in Resources */ = {isa = PBXBuildFile; fileRef = 5F435EC51779CFF700D99CA8 /* btn_tick.png */; };
		5F435EC81779CFF700D99CA8 /* btn_tick@2x.png in Resources */ = {isa = PBXBuildFile; fileRef = 5F435EC61779CFF700D99CA8 /* btn_tick@2x.png */; };
		5F435ECB1779D42400D99CA8 /* TCTastesCollectionViewCell.m in Sources */ = {isa = PBXBuildFile; fileRef = 5F435ECA1779D42400D99CA8 /* TCTastesCollectionViewCell.m */; };
		5F9A0E50178433FB004A2FE1 /* Paris.gpx in Resources */ = {isa = PBXBuildFile; fileRef = 5F9A0E4F178433FB004A2FE1 /* Paris.gpx */; };
		5F9A0E531784463C004A2FE1 /* TCWalkingRoute.m in Sources */ = {isa = PBXBuildFile; fileRef = 5F9A0E521784463C004A2FE1 /* TCWalkingRoute.m */; };
		5F9A0E6317845CCC004A2FE1 /* arrow_route.png in Resources */ = {isa = PBXBuildFile; fileRef = 5F9A0E5717845CCA004A2FE1 /* arrow_route.png */; };
		5F9A0E6417845CCC004A2FE1 /* arrow_route@2x.png in Resources */ = {isa = PBXBuildFile; fileRef = 5F9A0E5817845CCB004A2FE1 /* arrow_route@2x.png */; };
		5F9A0E6517845CCC004A2FE1 /* auto.png in Resources */ = {isa = PBXBuildFile; fileRef = 5F9A0E5917845CCB004A2FE1 /* auto.png */; };
		5F9A0E6617845CCC004A2FE1 /* auto@2x.png in Resources */ = {isa = PBXBuildFile; fileRef = 5F9A0E5A17845CCB004A2FE1 /* auto@2x.png */; };
		5F9A0E6717845CCC004A2FE1 /* bus.png in Resources */ = {isa = PBXBuildFile; fileRef = 5F9A0E5B17845CCB004A2FE1 /* bus.png */; };
		5F9A0E6817845CCC004A2FE1 /* bus@2x.png in Resources */ = {isa = PBXBuildFile; fileRef = 5F9A0E5C17845CCB004A2FE1 /* bus@2x.png */; };
		5F9A0E6917845CCC004A2FE1 /* separator_vertical.png in Resources */ = {isa = PBXBuildFile; fileRef = 5F9A0E5D17845CCB004A2FE1 /* separator_vertical.png */; };
		5F9A0E6A17845CCC004A2FE1 /* separator_vertical@2x.png in Resources */ = {isa = PBXBuildFile; fileRef = 5F9A0E5E17845CCC004A2FE1 /* separator_vertical@2x.png */; };
		5F9A0E6B17845CCC004A2FE1 /* velib.png in Resources */ = {isa = PBXBuildFile; fileRef = 5F9A0E5F17845CCC004A2FE1 /* velib.png */; };
		5F9A0E6C17845CCC004A2FE1 /* velib@2x.png in Resources */ = {isa = PBXBuildFile; fileRef = 5F9A0E6017845CCC004A2FE1 /* velib@2x.png */; };
		5F9A0E6D17845CCC004A2FE1 /* walker.png in Resources */ = {isa = PBXBuildFile; fileRef = 5F9A0E6117845CCC004A2FE1 /* walker.png */; };
		5F9A0E6E17845CCC004A2FE1 /* walker@2x.png in Resources */ = {isa = PBXBuildFile; fileRef = 5F9A0E6217845CCC004A2FE1 /* walker@2x.png */; };
		5F9A0E7317845FD4004A2FE1 /* btn_bg_selected.png in Resources */ = {isa = PBXBuildFile; fileRef = 5F9A0E6F17845FD3004A2FE1 /* btn_bg_selected.png */; };
		5F9A0E7417845FD4004A2FE1 /* btn_bg.png in Resources */ = {isa = PBXBuildFile; fileRef = 5F9A0E7017845FD4004A2FE1 /* btn_bg.png */; };
		5F9A0E7517845FD4004A2FE1 /* btn_bg@2x.png in Resources */ = {isa = PBXBuildFile; fileRef = 5F9A0E7117845FD4004A2FE1 /* btn_bg@2x.png */; };
		5F9A0E7617845FD4004A2FE1 /* btn_bg_selected@2x.png in Resources */ = {isa = PBXBuildFile; fileRef = 5F9A0E7217845FD4004A2FE1 /* btn_bg_selected@2x.png */; };
		5F9A0E9117846B94004A2FE1 /* NSObject+SBJson.m in Sources */ = {isa = PBXBuildFile; fileRef = 5F9A0E7917846B94004A2FE1 /* NSObject+SBJson.m */; };
		5F9A0E9217846B94004A2FE1 /* SBJsonParser.m in Sources */ = {isa = PBXBuildFile; fileRef = 5F9A0E7C17846B94004A2FE1 /* SBJsonParser.m */; };
		5F9A0E9317846B94004A2FE1 /* SBJsonStreamParser.m in Sources */ = {isa = PBXBuildFile; fileRef = 5F9A0E7E17846B94004A2FE1 /* SBJsonStreamParser.m */; };
		5F9A0E9417846B94004A2FE1 /* SBJsonStreamParserAccumulator.m in Sources */ = {isa = PBXBuildFile; fileRef = 5F9A0E8017846B94004A2FE1 /* SBJsonStreamParserAccumulator.m */; };
		5F9A0E9517846B94004A2FE1 /* SBJsonStreamParserAdapter.m in Sources */ = {isa = PBXBuildFile; fileRef = 5F9A0E8217846B94004A2FE1 /* SBJsonStreamParserAdapter.m */; };
		5F9A0E9617846B94004A2FE1 /* SBJsonStreamParserState.m in Sources */ = {isa = PBXBuildFile; fileRef = 5F9A0E8417846B94004A2FE1 /* SBJsonStreamParserState.m */; };
		5F9A0E9717846B94004A2FE1 /* SBJsonStreamWriter.m in Sources */ = {isa = PBXBuildFile; fileRef = 5F9A0E8617846B94004A2FE1 /* SBJsonStreamWriter.m */; };
		5F9A0E9817846B94004A2FE1 /* SBJsonStreamWriterAccumulator.m in Sources */ = {isa = PBXBuildFile; fileRef = 5F9A0E8817846B94004A2FE1 /* SBJsonStreamWriterAccumulator.m */; };
		5F9A0E9917846B94004A2FE1 /* SBJsonStreamWriterState.m in Sources */ = {isa = PBXBuildFile; fileRef = 5F9A0E8A17846B94004A2FE1 /* SBJsonStreamWriterState.m */; };
		5F9A0E9A17846B94004A2FE1 /* SBJsonTokeniser.m in Sources */ = {isa = PBXBuildFile; fileRef = 5F9A0E8C17846B94004A2FE1 /* SBJsonTokeniser.m */; };
		5F9A0E9B17846B94004A2FE1 /* SBJsonUTF8Stream.m in Sources */ = {isa = PBXBuildFile; fileRef = 5F9A0E8E17846B94004A2FE1 /* SBJsonUTF8Stream.m */; };
		5F9A0E9C17846B94004A2FE1 /* SBJsonWriter.m in Sources */ = {isa = PBXBuildFile; fileRef = 5F9A0E9017846B94004A2FE1 /* SBJsonWriter.m */; };
		5F9A0E9E17846CAA004A2FE1 /* Paris.json in Resources */ = {isa = PBXBuildFile; fileRef = 5F9A0E9D17846CAA004A2FE1 /* Paris.json */; };
		5F9A0EA117846F65004A2FE1 /* TCVelibStation.m in Sources */ = {isa = PBXBuildFile; fileRef = 5F9A0EA017846F65004A2FE1 /* TCVelibStation.m */; };
		5F9A0EA4178472C6004A2FE1 /* TCTransportAnnotation.m in Sources */ = {isa = PBXBuildFile; fileRef = 5F9A0EA3178472C5004A2FE1 /* TCTransportAnnotation.m */; };
		5FA76F8D1784756800B2180D /* TCTransportAnnotationView.m in Sources */ = {isa = PBXBuildFile; fileRef = 5FA76F8C1784756800B2180D /* TCTransportAnnotationView.m */; };
		5FAA5A511781D1B2009ECDA4 /* TCRouteClient.m in Sources */ = {isa = PBXBuildFile; fileRef = 5FAA5A501781D1B2009ECDA4 /* TCRouteClient.m */; };
		5FAA5A541781D63E009ECDA4 /* NavitiaHTTPClient.m in Sources */ = {isa = PBXBuildFile; fileRef = 5FAA5A531781D63E009ECDA4 /* NavitiaHTTPClient.m */; };
/* End PBXBuildFile section */

/* Begin PBXFileReference section */
		053AC2F41771E54500CD8C3F /* TCConstants.h */ = {isa = PBXFileReference; lastKnownFileType = sourcecode.c.h; path = TCConstants.h; sourceTree = "<group>"; };
		053AC2F51772112000CD8C3F /* TCLocationAnnotation.h */ = {isa = PBXFileReference; fileEncoding = 4; lastKnownFileType = sourcecode.c.h; path = TCLocationAnnotation.h; sourceTree = "<group>"; };
		053AC2F61772112000CD8C3F /* TCLocationAnnotation.m */ = {isa = PBXFileReference; fileEncoding = 4; lastKnownFileType = sourcecode.c.objc; path = TCLocationAnnotation.m; sourceTree = "<group>"; };
		053AC3321772284800CD8C3F /* Icon.png */ = {isa = PBXFileReference; lastKnownFileType = image.png; path = Icon.png; sourceTree = "<group>"; };
		053AC3331772284800CD8C3F /* Icon@2x.png */ = {isa = PBXFileReference; lastKnownFileType = image.png; path = "Icon@2x.png"; sourceTree = "<group>"; };
		053AC463177258EA00CD8C3F /* AFHTTPClient.h */ = {isa = PBXFileReference; fileEncoding = 4; lastKnownFileType = sourcecode.c.h; path = AFHTTPClient.h; sourceTree = "<group>"; };
		053AC464177258EA00CD8C3F /* AFHTTPClient.m */ = {isa = PBXFileReference; fileEncoding = 4; lastKnownFileType = sourcecode.c.objc; path = AFHTTPClient.m; sourceTree = "<group>"; };
		053AC465177258EA00CD8C3F /* AFHTTPRequestOperation.h */ = {isa = PBXFileReference; fileEncoding = 4; lastKnownFileType = sourcecode.c.h; path = AFHTTPRequestOperation.h; sourceTree = "<group>"; };
		053AC466177258EA00CD8C3F /* AFHTTPRequestOperation.m */ = {isa = PBXFileReference; fileEncoding = 4; lastKnownFileType = sourcecode.c.objc; path = AFHTTPRequestOperation.m; sourceTree = "<group>"; };
		053AC467177258EA00CD8C3F /* AFImageRequestOperation.h */ = {isa = PBXFileReference; fileEncoding = 4; lastKnownFileType = sourcecode.c.h; path = AFImageRequestOperation.h; sourceTree = "<group>"; };
		053AC468177258EA00CD8C3F /* AFImageRequestOperation.m */ = {isa = PBXFileReference; fileEncoding = 4; lastKnownFileType = sourcecode.c.objc; path = AFImageRequestOperation.m; sourceTree = "<group>"; };
		053AC469177258EA00CD8C3F /* AFJSONRequestOperation.h */ = {isa = PBXFileReference; fileEncoding = 4; lastKnownFileType = sourcecode.c.h; path = AFJSONRequestOperation.h; sourceTree = "<group>"; };
		053AC46A177258EA00CD8C3F /* AFJSONRequestOperation.m */ = {isa = PBXFileReference; fileEncoding = 4; lastKnownFileType = sourcecode.c.objc; path = AFJSONRequestOperation.m; sourceTree = "<group>"; };
		053AC46B177258EA00CD8C3F /* AFNetworkActivityIndicatorManager.h */ = {isa = PBXFileReference; fileEncoding = 4; lastKnownFileType = sourcecode.c.h; path = AFNetworkActivityIndicatorManager.h; sourceTree = "<group>"; };
		053AC46C177258EA00CD8C3F /* AFNetworkActivityIndicatorManager.m */ = {isa = PBXFileReference; fileEncoding = 4; lastKnownFileType = sourcecode.c.objc; path = AFNetworkActivityIndicatorManager.m; sourceTree = "<group>"; };
		053AC46D177258EA00CD8C3F /* AFNetworking.h */ = {isa = PBXFileReference; fileEncoding = 4; lastKnownFileType = sourcecode.c.h; path = AFNetworking.h; sourceTree = "<group>"; };
		053AC46E177258EA00CD8C3F /* AFPropertyListRequestOperation.h */ = {isa = PBXFileReference; fileEncoding = 4; lastKnownFileType = sourcecode.c.h; path = AFPropertyListRequestOperation.h; sourceTree = "<group>"; };
		053AC46F177258EA00CD8C3F /* AFPropertyListRequestOperation.m */ = {isa = PBXFileReference; fileEncoding = 4; lastKnownFileType = sourcecode.c.objc; path = AFPropertyListRequestOperation.m; sourceTree = "<group>"; };
		053AC470177258EA00CD8C3F /* AFURLConnectionOperation.h */ = {isa = PBXFileReference; fileEncoding = 4; lastKnownFileType = sourcecode.c.h; path = AFURLConnectionOperation.h; sourceTree = "<group>"; };
		053AC471177258EA00CD8C3F /* AFURLConnectionOperation.m */ = {isa = PBXFileReference; fileEncoding = 4; lastKnownFileType = sourcecode.c.objc; path = AFURLConnectionOperation.m; sourceTree = "<group>"; };
		053AC472177258EA00CD8C3F /* AFXMLRequestOperation.h */ = {isa = PBXFileReference; fileEncoding = 4; lastKnownFileType = sourcecode.c.h; path = AFXMLRequestOperation.h; sourceTree = "<group>"; };
		053AC473177258EA00CD8C3F /* AFXMLRequestOperation.m */ = {isa = PBXFileReference; fileEncoding = 4; lastKnownFileType = sourcecode.c.objc; path = AFXMLRequestOperation.m; sourceTree = "<group>"; };
		053AC474177258EA00CD8C3F /* UIImageView+AFNetworking.h */ = {isa = PBXFileReference; fileEncoding = 4; lastKnownFileType = sourcecode.c.h; path = "UIImageView+AFNetworking.h"; sourceTree = "<group>"; };
		053AC475177258EA00CD8C3F /* UIImageView+AFNetworking.m */ = {isa = PBXFileReference; fileEncoding = 4; lastKnownFileType = sourcecode.c.objc; path = "UIImageView+AFNetworking.m"; sourceTree = "<group>"; };
		0594D6921771DD6E00744BF3 /* Tchillr.app */ = {isa = PBXFileReference; explicitFileType = wrapper.application; includeInIndex = 0; path = Tchillr.app; sourceTree = BUILT_PRODUCTS_DIR; };
		0594D6951771DD6E00744BF3 /* UIKit.framework */ = {isa = PBXFileReference; lastKnownFileType = wrapper.framework; name = UIKit.framework; path = System/Library/Frameworks/UIKit.framework; sourceTree = SDKROOT; };
		0594D6971771DD6E00744BF3 /* Foundation.framework */ = {isa = PBXFileReference; lastKnownFileType = wrapper.framework; name = Foundation.framework; path = System/Library/Frameworks/Foundation.framework; sourceTree = SDKROOT; };
		0594D6991771DD6E00744BF3 /* CoreGraphics.framework */ = {isa = PBXFileReference; lastKnownFileType = wrapper.framework; name = CoreGraphics.framework; path = System/Library/Frameworks/CoreGraphics.framework; sourceTree = SDKROOT; };
		0594D69D1771DD6E00744BF3 /* Tchillr-Info.plist */ = {isa = PBXFileReference; lastKnownFileType = text.plist.xml; path = "Tchillr-Info.plist"; sourceTree = "<group>"; };
		0594D69F1771DD6E00744BF3 /* en */ = {isa = PBXFileReference; lastKnownFileType = text.plist.strings; name = en; path = en.lproj/InfoPlist.strings; sourceTree = "<group>"; };
		0594D6A11771DD6E00744BF3 /* main.m */ = {isa = PBXFileReference; lastKnownFileType = sourcecode.c.objc; path = main.m; sourceTree = "<group>"; };
		0594D6A31771DD6E00744BF3 /* Tchillr-Prefix.pch */ = {isa = PBXFileReference; lastKnownFileType = sourcecode.c.h; path = "Tchillr-Prefix.pch"; sourceTree = "<group>"; };
		0594D6A41771DD6E00744BF3 /* TCAppDelegate.h */ = {isa = PBXFileReference; lastKnownFileType = sourcecode.c.h; path = TCAppDelegate.h; sourceTree = "<group>"; };
		0594D6A51771DD6E00744BF3 /* TCAppDelegate.m */ = {isa = PBXFileReference; lastKnownFileType = sourcecode.c.objc; path = TCAppDelegate.m; sourceTree = "<group>"; };
		0594D6AE1771DD6E00744BF3 /* en */ = {isa = PBXFileReference; lastKnownFileType = file.storyboard; name = en; path = en.lproj/MainStoryboard.storyboard; sourceTree = "<group>"; };
		0594D6B01771DD6E00744BF3 /* TCViewController.h */ = {isa = PBXFileReference; lastKnownFileType = sourcecode.c.h; path = TCViewController.h; sourceTree = "<group>"; };
		0594D6B11771DD6E00744BF3 /* TCViewController.m */ = {isa = PBXFileReference; lastKnownFileType = sourcecode.c.objc; path = TCViewController.m; sourceTree = "<group>"; };
		0594D6BA1771DF8E00744BF3 /* Default-568h@2x.png */ = {isa = PBXFileReference; lastKnownFileType = image.png; path = "Default-568h@2x.png"; sourceTree = "<group>"; };
		0594D6BB1771DF8E00744BF3 /* Default.png */ = {isa = PBXFileReference; lastKnownFileType = image.png; path = Default.png; sourceTree = "<group>"; };
		0594D6BC1771DF8E00744BF3 /* Default@2x.png */ = {isa = PBXFileReference; lastKnownFileType = image.png; path = "Default@2x.png"; sourceTree = "<group>"; };
		0594D6C51771E13000744BF3 /* TCMapViewController.h */ = {isa = PBXFileReference; fileEncoding = 4; lastKnownFileType = sourcecode.c.h; path = TCMapViewController.h; sourceTree = "<group>"; };
		0594D6C61771E13000744BF3 /* TCMapViewController.m */ = {isa = PBXFileReference; fileEncoding = 4; lastKnownFileType = sourcecode.c.objc; path = TCMapViewController.m; sourceTree = "<group>"; };
		0594D6C81771E14800744BF3 /* MapKit.framework */ = {isa = PBXFileReference; lastKnownFileType = wrapper.framework; name = MapKit.framework; path = System/Library/Frameworks/MapKit.framework; sourceTree = SDKROOT; };
		0594D6CA1771E14F00744BF3 /* CoreLocation.framework */ = {isa = PBXFileReference; lastKnownFileType = wrapper.framework; name = CoreLocation.framework; path = System/Library/Frameworks/CoreLocation.framework; sourceTree = SDKROOT; };
		05A5048E177DE5BE00083CEF /* UICollectionViewCell+Tchillr.h */ = {isa = PBXFileReference; fileEncoding = 4; lastKnownFileType = sourcecode.c.h; path = "UICollectionViewCell+Tchillr.h"; sourceTree = "<group>"; };
		05A5048F177DE5BE00083CEF /* UICollectionViewCell+Tchillr.m */ = {isa = PBXFileReference; fileEncoding = 4; lastKnownFileType = sourcecode.c.objc; path = "UICollectionViewCell+Tchillr.m"; sourceTree = "<group>"; };
		05A50491177DE8C000083CEF /* TCActivityTagsCollectionViewCell.h */ = {isa = PBXFileReference; fileEncoding = 4; lastKnownFileType = sourcecode.c.h; path = TCActivityTagsCollectionViewCell.h; sourceTree = "<group>"; };
		05A50492177DE8C100083CEF /* TCActivityTagsCollectionViewCell.m */ = {isa = PBXFileReference; fileEncoding = 4; lastKnownFileType = sourcecode.c.objc; path = TCActivityTagsCollectionViewCell.m; sourceTree = "<group>"; };
		05A50494177E251500083CEF /* btn_heart_empty.png */ = {isa = PBXFileReference; lastKnownFileType = image.png; path = btn_heart_empty.png; sourceTree = "<group>"; };
		05A50495177E251500083CEF /* btn_heart_empty@2x.png */ = {isa = PBXFileReference; lastKnownFileType = image.png; path = "btn_heart_empty@2x.png"; sourceTree = "<group>"; };
		05A50496177E251500083CEF /* btn_heart_highlighted.png */ = {isa = PBXFileReference; lastKnownFileType = image.png; path = btn_heart_highlighted.png; sourceTree = "<group>"; };
		05A50497177E251500083CEF /* btn_heart_highlighted@2x.png */ = {isa = PBXFileReference; lastKnownFileType = image.png; path = "btn_heart_highlighted@2x.png"; sourceTree = "<group>"; };
		05A50498177E251600083CEF /* btn_heart_selected.png */ = {isa = PBXFileReference; lastKnownFileType = image.png; path = btn_heart_selected.png; sourceTree = "<group>"; };
		05A50499177E251600083CEF /* btn_heart_selected@2x.png */ = {isa = PBXFileReference; lastKnownFileType = image.png; path = "btn_heart_selected@2x.png"; sourceTree = "<group>"; };
		05A889871781B7D9002DFE94 /* TCActivityGalleryCollectionViewCell.h */ = {isa = PBXFileReference; fileEncoding = 4; lastKnownFileType = sourcecode.c.h; path = TCActivityGalleryCollectionViewCell.h; sourceTree = "<group>"; };
		05A889881781B7DA002DFE94 /* TCActivityGalleryCollectionViewCell.m */ = {isa = PBXFileReference; fileEncoding = 4; lastKnownFileType = sourcecode.c.objc; path = TCActivityGalleryCollectionViewCell.m; sourceTree = "<group>"; };
		05A88A7E1781D362002DFE94 /* TCMedia.h */ = {isa = PBXFileReference; fileEncoding = 4; lastKnownFileType = sourcecode.c.h; name = TCMedia.h; path = ../../../TCServerClient/trunk/src/TCServerClient/TCMedia.h; sourceTree = "<group>"; };
		05A88A7F1781D362002DFE94 /* TCMedia.m */ = {isa = PBXFileReference; fileEncoding = 4; lastKnownFileType = sourcecode.c.objc; name = TCMedia.m; path = ../../../TCServerClient/trunk/src/TCServerClient/TCMedia.m; sourceTree = "<group>"; };
		05BDD603177AFC5800CF282E /* TCRouteViewController.h */ = {isa = PBXFileReference; fileEncoding = 4; lastKnownFileType = sourcecode.c.h; path = TCRouteViewController.h; sourceTree = "<group>"; };
		05BDD604177AFC5800CF282E /* TCRouteViewController.m */ = {isa = PBXFileReference; fileEncoding = 4; lastKnownFileType = sourcecode.c.objc; path = TCRouteViewController.m; sourceTree = "<group>"; };
		05BDD609177B9F6F00CF282E /* TCActivityDetailResizableCell.h */ = {isa = PBXFileReference; fileEncoding = 4; lastKnownFileType = sourcecode.c.h; path = TCActivityDetailResizableCell.h; sourceTree = "<group>"; };
		05BDD60A177B9F6F00CF282E /* TCActivityDetailResizableCell.m */ = {isa = PBXFileReference; fileEncoding = 4; lastKnownFileType = sourcecode.c.objc; path = TCActivityDetailResizableCell.m; sourceTree = "<group>"; };
		05BDD60C177BA54500CF282E /* UILabel+Tchillr.h */ = {isa = PBXFileReference; fileEncoding = 4; lastKnownFileType = sourcecode.c.h; path = "UILabel+Tchillr.h"; sourceTree = "<group>"; };
		05BDD60D177BA54600CF282E /* UILabel+Tchillr.m */ = {isa = PBXFileReference; fileEncoding = 4; lastKnownFileType = sourcecode.c.objc; path = "UILabel+Tchillr.m"; sourceTree = "<group>"; };
		05BDD60F177BC13700CF282E /* TCActivityDetailViewHeader.xib */ = {isa = PBXFileReference; fileEncoding = 4; lastKnownFileType = file.xib; path = TCActivityDetailViewHeader.xib; sourceTree = "<group>"; };
		05EA91AE17731BA100DC2619 /* heart_selected.png */ = {isa = PBXFileReference; lastKnownFileType = image.png; path = heart_selected.png; sourceTree = "<group>"; };
		05EA91AF17731BA100DC2619 /* heart_selected@2x.png */ = {isa = PBXFileReference; lastKnownFileType = image.png; path = "heart_selected@2x.png"; sourceTree = "<group>"; };
		05EA91B017731BA100DC2619 /* heart.png */ = {isa = PBXFileReference; lastKnownFileType = image.png; path = heart.png; sourceTree = "<group>"; };
		05EA91B117731BA100DC2619 /* heart@2x.png */ = {isa = PBXFileReference; lastKnownFileType = image.png; path = "heart@2x.png"; sourceTree = "<group>"; };
		05EA91B61773249800DC2619 /* TCActivityCollectionViewCell.h */ = {isa = PBXFileReference; fileEncoding = 4; lastKnownFileType = sourcecode.c.h; path = TCActivityCollectionViewCell.h; sourceTree = "<group>"; };
		05EA91B71773249800DC2619 /* TCActivityCollectionViewCell.m */ = {isa = PBXFileReference; fileEncoding = 4; lastKnownFileType = sourcecode.c.objc; path = TCActivityCollectionViewCell.m; sourceTree = "<group>"; };
		05EA91C717747B3F00DC2619 /* TCActivityDetailViewController.h */ = {isa = PBXFileReference; fileEncoding = 4; lastKnownFileType = sourcecode.c.h; path = TCActivityDetailViewController.h; sourceTree = "<group>"; };
		05EA91C817747B3F00DC2619 /* TCActivityDetailViewController.m */ = {isa = PBXFileReference; fileEncoding = 4; lastKnownFileType = sourcecode.c.objc; path = TCActivityDetailViewController.m; sourceTree = "<group>"; };
		05EA91D4177491C100DC2619 /* TCLocationAnnotationView.h */ = {isa = PBXFileReference; fileEncoding = 4; lastKnownFileType = sourcecode.c.h; path = TCLocationAnnotationView.h; sourceTree = "<group>"; };
		05EA91D5177491C100DC2619 /* TCLocationAnnotationView.m */ = {isa = PBXFileReference; fileEncoding = 4; lastKnownFileType = sourcecode.c.objc; path = TCLocationAnnotationView.m; sourceTree = "<group>"; };
		05EA91D717789A2700DC2619 /* TCCalloutAnnotation.h */ = {isa = PBXFileReference; fileEncoding = 4; lastKnownFileType = sourcecode.c.h; path = TCCalloutAnnotation.h; sourceTree = "<group>"; };
		05EA91D817789A2700DC2619 /* TCCalloutAnnotation.m */ = {isa = PBXFileReference; fileEncoding = 4; lastKnownFileType = sourcecode.c.objc; path = TCCalloutAnnotation.m; sourceTree = "<group>"; };
		05EA91DB1778ED7000DC2619 /* TCServerClient.h */ = {isa = PBXFileReference; fileEncoding = 4; lastKnownFileType = sourcecode.c.h; name = TCServerClient.h; path = ../../../TCServerClient/trunk/src/TCServerClient/TCServerClient.h; sourceTree = "<group>"; };
		05EA91DC1778ED7000DC2619 /* TCServerClient.m */ = {isa = PBXFileReference; fileEncoding = 4; lastKnownFileType = sourcecode.c.objc; name = TCServerClient.m; path = ../../../TCServerClient/trunk/src/TCServerClient/TCServerClient.m; sourceTree = "<group>"; };
		05EA91F01778F0C200DC2619 /* TCActivity.h */ = {isa = PBXFileReference; fileEncoding = 4; lastKnownFileType = sourcecode.c.h; name = TCActivity.h; path = ../../../TCServerClient/trunk/src/TCServerClient/TCActivity.h; sourceTree = "<group>"; };
		05EA91F11778F0C200DC2619 /* TCActivity.m */ = {isa = PBXFileReference; fileEncoding = 4; lastKnownFileType = sourcecode.c.objc; name = TCActivity.m; path = ../../../TCServerClient/trunk/src/TCServerClient/TCActivity.m; sourceTree = "<group>"; };
		05EA91F31778F1FE00DC2619 /* TCObject.h */ = {isa = PBXFileReference; fileEncoding = 4; lastKnownFileType = sourcecode.c.h; name = TCObject.h; path = ../../../TCServerClient/trunk/src/TCServerClient/TCObject.h; sourceTree = "<group>"; };
		05EA91F41778F1FE00DC2619 /* TCObject.m */ = {isa = PBXFileReference; fileEncoding = 4; lastKnownFileType = sourcecode.c.objc; name = TCObject.m; path = ../../../TCServerClient/trunk/src/TCServerClient/TCObject.m; sourceTree = "<group>"; };
		05EA91F51778F1FE00DC2619 /* TCOccurence.h */ = {isa = PBXFileReference; fileEncoding = 4; lastKnownFileType = sourcecode.c.h; name = TCOccurence.h; path = ../../../TCServerClient/trunk/src/TCServerClient/TCOccurence.h; sourceTree = "<group>"; };
		05EA91F61778F1FE00DC2619 /* TCOccurence.m */ = {isa = PBXFileReference; fileEncoding = 4; lastKnownFileType = sourcecode.c.objc; name = TCOccurence.m; path = ../../../TCServerClient/trunk/src/TCServerClient/TCOccurence.m; sourceTree = "<group>"; };
		05EA91F71778F1FE00DC2619 /* TCTag.h */ = {isa = PBXFileReference; fileEncoding = 4; lastKnownFileType = sourcecode.c.h; name = TCTag.h; path = ../../../TCServerClient/trunk/src/TCServerClient/TCTag.h; sourceTree = "<group>"; };
		05EA91F81778F1FE00DC2619 /* TCTag.m */ = {isa = PBXFileReference; fileEncoding = 4; lastKnownFileType = sourcecode.c.objc; name = TCTag.m; path = ../../../TCServerClient/trunk/src/TCServerClient/TCTag.m; sourceTree = "<group>"; };
		05EA91F91778F1FE00DC2619 /* TCTheme.h */ = {isa = PBXFileReference; fileEncoding = 4; lastKnownFileType = sourcecode.c.h; name = TCTheme.h; path = ../../../TCServerClient/trunk/src/TCServerClient/TCTheme.h; sourceTree = "<group>"; };
		05EA91FA1778F1FE00DC2619 /* TCTheme.m */ = {isa = PBXFileReference; fileEncoding = 4; lastKnownFileType = sourcecode.c.objc; name = TCTheme.m; path = ../../../TCServerClient/trunk/src/TCServerClient/TCTheme.m; sourceTree = "<group>"; };
		05EA91FF1778FD5300DC2619 /* TCCalloutAnnotationView.h */ = {isa = PBXFileReference; fileEncoding = 4; lastKnownFileType = sourcecode.c.h; path = TCCalloutAnnotationView.h; sourceTree = "<group>"; };
		05EA92001778FD5300DC2619 /* TCCalloutAnnotationView.m */ = {isa = PBXFileReference; fileEncoding = 4; lastKnownFileType = sourcecode.c.objc; path = TCCalloutAnnotationView.m; sourceTree = "<group>"; };
		05EA920217790C6300DC2619 /* arrow.png */ = {isa = PBXFileReference; lastKnownFileType = image.png; path = arrow.png; sourceTree = "<group>"; };
		05EA920317790C6300DC2619 /* arrow@2x.png */ = {isa = PBXFileReference; lastKnownFileType = image.png; path = "arrow@2x.png"; sourceTree = "<group>"; };
		05EA920417790C6300DC2619 /* btn_heart_menu.png */ = {isa = PBXFileReference; lastKnownFileType = image.png; path = btn_heart_menu.png; sourceTree = "<group>"; };
		05EA920517790C6300DC2619 /* btn_heart_menu@2x.png */ = {isa = PBXFileReference; lastKnownFileType = image.png; path = "btn_heart_menu@2x.png"; sourceTree = "<group>"; };
		05EA920617790C6300DC2619 /* btn_list.png */ = {isa = PBXFileReference; lastKnownFileType = image.png; path = btn_list.png; sourceTree = "<group>"; };
		05EA920717790C6300DC2619 /* btn_list@2x.png */ = {isa = PBXFileReference; lastKnownFileType = image.png; path = "btn_list@2x.png"; sourceTree = "<group>"; };
		05EA920E17792C2D00DC2619 /* back.png */ = {isa = PBXFileReference; lastKnownFileType = image.png; path = back.png; sourceTree = "<group>"; };
		05EA920F17792C2D00DC2619 /* back@2x.png */ = {isa = PBXFileReference; lastKnownFileType = image.png; path = "back@2x.png"; sourceTree = "<group>"; };
		05EA921217792CF700DC2619 /* TCTriangleView.h */ = {isa = PBXFileReference; fileEncoding = 4; lastKnownFileType = sourcecode.c.h; path = TCTriangleView.h; sourceTree = "<group>"; };
		05EA921317792CF700DC2619 /* TCTriangleView.m */ = {isa = PBXFileReference; fileEncoding = 4; lastKnownFileType = sourcecode.c.objc; path = TCTriangleView.m; sourceTree = "<group>"; };
		05EA92151779B9A900DC2619 /* TCActivityDetailViewHeader.h */ = {isa = PBXFileReference; fileEncoding = 4; lastKnownFileType = sourcecode.c.h; path = TCActivityDetailViewHeader.h; sourceTree = "<group>"; };
		05EA92161779B9A900DC2619 /* TCActivityDetailViewHeader.m */ = {isa = PBXFileReference; fileEncoding = 4; lastKnownFileType = sourcecode.c.objc; path = TCActivityDetailViewHeader.m; sourceTree = "<group>"; };
		05EA92181779BBDC00DC2619 /* arrow_black.png */ = {isa = PBXFileReference; lastKnownFileType = image.png; path = arrow_black.png; sourceTree = "<group>"; };
		05EA92191779BBDC00DC2619 /* arrow_black@2x.png */ = {isa = PBXFileReference; lastKnownFileType = image.png; path = "arrow_black@2x.png"; sourceTree = "<group>"; };
		05EA921A1779BBDC00DC2619 /* separator_horizontal.png */ = {isa = PBXFileReference; lastKnownFileType = image.png; path = separator_horizontal.png; sourceTree = "<group>"; };
		05EA921B1779BBDC00DC2619 /* separator_horizontal@2x.png */ = {isa = PBXFileReference; lastKnownFileType = image.png; path = "separator_horizontal@2x.png"; sourceTree = "<group>"; };
		05EA92201779D3C700DC2619 /* TCAddressTableViewCell.h */ = {isa = PBXFileReference; fileEncoding = 4; lastKnownFileType = sourcecode.c.h; path = TCAddressTableViewCell.h; sourceTree = "<group>"; };
		05EA92211779D3C800DC2619 /* TCAddressTableViewCell.m */ = {isa = PBXFileReference; fileEncoding = 4; lastKnownFileType = sourcecode.c.objc; path = TCAddressTableViewCell.m; sourceTree = "<group>"; };
		05EA92231779D3E500DC2619 /* UITableViewCell+Tchillr.h */ = {isa = PBXFileReference; fileEncoding = 4; lastKnownFileType = sourcecode.c.h; path = "UITableViewCell+Tchillr.h"; sourceTree = "<group>"; };
		05EA92241779D3E500DC2619 /* UITableViewCell+Tchillr.m */ = {isa = PBXFileReference; fileEncoding = 4; lastKnownFileType = sourcecode.c.objc; path = "UITableViewCell+Tchillr.m"; sourceTree = "<group>"; };
		05EA92261779DC4700DC2619 /* TCTagsTableViewCell.h */ = {isa = PBXFileReference; fileEncoding = 4; lastKnownFileType = sourcecode.c.h; path = TCTagsTableViewCell.h; sourceTree = "<group>"; };
		05EA92271779DC4700DC2619 /* TCTagsTableViewCell.m */ = {isa = PBXFileReference; fileEncoding = 4; lastKnownFileType = sourcecode.c.objc; path = TCTagsTableViewCell.m; sourceTree = "<group>"; };
		05EA922F1779F7CA00DC2619 /* TCAttendanceTableViewCell.h */ = {isa = PBXFileReference; fileEncoding = 4; lastKnownFileType = sourcecode.c.h; path = TCAttendanceTableViewCell.h; sourceTree = "<group>"; };
		05EA92301779F7CB00DC2619 /* TCAttendanceTableViewCell.m */ = {isa = PBXFileReference; fileEncoding = 4; lastKnownFileType = sourcecode.c.objc; path = TCAttendanceTableViewCell.m; sourceTree = "<group>"; };
		05EA92321779F7E500DC2619 /* TCGalleryTableViewCell.h */ = {isa = PBXFileReference; fileEncoding = 4; lastKnownFileType = sourcecode.c.h; path = TCGalleryTableViewCell.h; sourceTree = "<group>"; };
		05EA92331779F7E600DC2619 /* TCGalleryTableViewCell.m */ = {isa = PBXFileReference; fileEncoding = 4; lastKnownFileType = sourcecode.c.objc; path = TCGalleryTableViewCell.m; sourceTree = "<group>"; };
		05EA9237177A20EB00DC2619 /* TCDescriptionTableViewCell.h */ = {isa = PBXFileReference; fileEncoding = 4; lastKnownFileType = sourcecode.c.h; path = TCDescriptionTableViewCell.h; sourceTree = "<group>"; };
		05EA9238177A20EB00DC2619 /* TCDescriptionTableViewCell.m */ = {isa = PBXFileReference; fileEncoding = 4; lastKnownFileType = sourcecode.c.objc; path = TCDescriptionTableViewCell.m; sourceTree = "<group>"; };
		5F435E8F1779AA9300D99CA8 /* UIColor+Tchillr.h */ = {isa = PBXFileReference; fileEncoding = 4; lastKnownFileType = sourcecode.c.h; path = "UIColor+Tchillr.h"; sourceTree = "<group>"; };
		5F435E901779AA9300D99CA8 /* UIColor+Tchillr.m */ = {isa = PBXFileReference; fileEncoding = 4; lastKnownFileType = sourcecode.c.objc; path = "UIColor+Tchillr.m"; sourceTree = "<group>"; };
		5F435EC21779CF4600D99CA8 /* TCTastesViewController.h */ = {isa = PBXFileReference; fileEncoding = 4; lastKnownFileType = sourcecode.c.h; path = TCTastesViewController.h; sourceTree = "<group>"; };
		5F435EC31779CF4600D99CA8 /* TCTastesViewController.m */ = {isa = PBXFileReference; fileEncoding = 4; lastKnownFileType = sourcecode.c.objc; path = TCTastesViewController.m; sourceTree = "<group>"; };
		5F435EC51779CFF700D99CA8 /* btn_tick.png */ = {isa = PBXFileReference; lastKnownFileType = image.png; path = btn_tick.png; sourceTree = "<group>"; };
		5F435EC61779CFF700D99CA8 /* btn_tick@2x.png */ = {isa = PBXFileReference; lastKnownFileType = image.png; path = "btn_tick@2x.png"; sourceTree = "<group>"; };
		5F435EC91779D42400D99CA8 /* TCTastesCollectionViewCell.h */ = {isa = PBXFileReference; fileEncoding = 4; lastKnownFileType = sourcecode.c.h; path = TCTastesCollectionViewCell.h; sourceTree = "<group>"; };
		5F435ECA1779D42400D99CA8 /* TCTastesCollectionViewCell.m */ = {isa = PBXFileReference; fileEncoding = 4; lastKnownFileType = sourcecode.c.objc; path = TCTastesCollectionViewCell.m; sourceTree = "<group>"; };
		5F9A0E4F178433FB004A2FE1 /* Paris.gpx */ = {isa = PBXFileReference; fileEncoding = 4; lastKnownFileType = text.xml; path = Paris.gpx; sourceTree = "<group>"; };
		5F9A0E511784463C004A2FE1 /* TCWalkingRoute.h */ = {isa = PBXFileReference; fileEncoding = 4; lastKnownFileType = sourcecode.c.h; path = TCWalkingRoute.h; sourceTree = "<group>"; };
		5F9A0E521784463C004A2FE1 /* TCWalkingRoute.m */ = {isa = PBXFileReference; fileEncoding = 4; lastKnownFileType = sourcecode.c.objc; path = TCWalkingRoute.m; sourceTree = "<group>"; };
		5F9A0E5417844C4C004A2FE1 /* TCRoute.h */ = {isa = PBXFileReference; fileEncoding = 4; lastKnownFileType = sourcecode.c.h; path = TCRoute.h; sourceTree = "<group>"; };
		5F9A0E5717845CCA004A2FE1 /* arrow_route.png */ = {isa = PBXFileReference; lastKnownFileType = image.png; path = arrow_route.png; sourceTree = "<group>"; };
		5F9A0E5817845CCB004A2FE1 /* arrow_route@2x.png */ = {isa = PBXFileReference; lastKnownFileType = image.png; path = "arrow_route@2x.png"; sourceTree = "<group>"; };
		5F9A0E5917845CCB004A2FE1 /* auto.png */ = {isa = PBXFileReference; lastKnownFileType = image.png; path = auto.png; sourceTree = "<group>"; };
		5F9A0E5A17845CCB004A2FE1 /* auto@2x.png */ = {isa = PBXFileReference; lastKnownFileType = image.png; path = "auto@2x.png"; sourceTree = "<group>"; };
		5F9A0E5B17845CCB004A2FE1 /* bus.png */ = {isa = PBXFileReference; lastKnownFileType = image.png; path = bus.png; sourceTree = "<group>"; };
		5F9A0E5C17845CCB004A2FE1 /* bus@2x.png */ = {isa = PBXFileReference; lastKnownFileType = image.png; path = "bus@2x.png"; sourceTree = "<group>"; };
		5F9A0E5D17845CCB004A2FE1 /* separator_vertical.png */ = {isa = PBXFileReference; lastKnownFileType = image.png; path = separator_vertical.png; sourceTree = "<group>"; };
		5F9A0E5E17845CCC004A2FE1 /* separator_vertical@2x.png */ = {isa = PBXFileReference; lastKnownFileType = image.png; path = "separator_vertical@2x.png"; sourceTree = "<group>"; };
		5F9A0E5F17845CCC004A2FE1 /* velib.png */ = {isa = PBXFileReference; lastKnownFileType = image.png; path = velib.png; sourceTree = "<group>"; };
		5F9A0E6017845CCC004A2FE1 /* velib@2x.png */ = {isa = PBXFileReference; lastKnownFileType = image.png; path = "velib@2x.png"; sourceTree = "<group>"; };
		5F9A0E6117845CCC004A2FE1 /* walker.png */ = {isa = PBXFileReference; lastKnownFileType = image.png; path = walker.png; sourceTree = "<group>"; };
		5F9A0E6217845CCC004A2FE1 /* walker@2x.png */ = {isa = PBXFileReference; lastKnownFileType = image.png; path = "walker@2x.png"; sourceTree = "<group>"; };
		5F9A0E6F17845FD3004A2FE1 /* btn_bg_selected.png */ = {isa = PBXFileReference; lastKnownFileType = image.png; path = btn_bg_selected.png; sourceTree = "<group>"; };
		5F9A0E7017845FD4004A2FE1 /* btn_bg.png */ = {isa = PBXFileReference; lastKnownFileType = image.png; path = btn_bg.png; sourceTree = "<group>"; };
		5F9A0E7117845FD4004A2FE1 /* btn_bg@2x.png */ = {isa = PBXFileReference; lastKnownFileType = image.png; path = "btn_bg@2x.png"; sourceTree = "<group>"; };
		5F9A0E7217845FD4004A2FE1 /* btn_bg_selected@2x.png */ = {isa = PBXFileReference; lastKnownFileType = image.png; path = "btn_bg_selected@2x.png"; sourceTree = "<group>"; };
		5F9A0E7817846B94004A2FE1 /* NSObject+SBJson.h */ = {isa = PBXFileReference; fileEncoding = 4; lastKnownFileType = sourcecode.c.h; path = "NSObject+SBJson.h"; sourceTree = "<group>"; };
		5F9A0E7917846B94004A2FE1 /* NSObject+SBJson.m */ = {isa = PBXFileReference; fileEncoding = 4; lastKnownFileType = sourcecode.c.objc; path = "NSObject+SBJson.m"; sourceTree = "<group>"; };
		5F9A0E7A17846B94004A2FE1 /* SBJson.h */ = {isa = PBXFileReference; fileEncoding = 4; lastKnownFileType = sourcecode.c.h; path = SBJson.h; sourceTree = "<group>"; };
		5F9A0E7B17846B94004A2FE1 /* SBJsonParser.h */ = {isa = PBXFileReference; fileEncoding = 4; lastKnownFileType = sourcecode.c.h; path = SBJsonParser.h; sourceTree = "<group>"; };
		5F9A0E7C17846B94004A2FE1 /* SBJsonParser.m */ = {isa = PBXFileReference; fileEncoding = 4; lastKnownFileType = sourcecode.c.objc; path = SBJsonParser.m; sourceTree = "<group>"; };
		5F9A0E7D17846B94004A2FE1 /* SBJsonStreamParser.h */ = {isa = PBXFileReference; fileEncoding = 4; lastKnownFileType = sourcecode.c.h; path = SBJsonStreamParser.h; sourceTree = "<group>"; };
		5F9A0E7E17846B94004A2FE1 /* SBJsonStreamParser.m */ = {isa = PBXFileReference; fileEncoding = 4; lastKnownFileType = sourcecode.c.objc; path = SBJsonStreamParser.m; sourceTree = "<group>"; };
		5F9A0E7F17846B94004A2FE1 /* SBJsonStreamParserAccumulator.h */ = {isa = PBXFileReference; fileEncoding = 4; lastKnownFileType = sourcecode.c.h; path = SBJsonStreamParserAccumulator.h; sourceTree = "<group>"; };
		5F9A0E8017846B94004A2FE1 /* SBJsonStreamParserAccumulator.m */ = {isa = PBXFileReference; fileEncoding = 4; lastKnownFileType = sourcecode.c.objc; path = SBJsonStreamParserAccumulator.m; sourceTree = "<group>"; };
		5F9A0E8117846B94004A2FE1 /* SBJsonStreamParserAdapter.h */ = {isa = PBXFileReference; fileEncoding = 4; lastKnownFileType = sourcecode.c.h; path = SBJsonStreamParserAdapter.h; sourceTree = "<group>"; };
		5F9A0E8217846B94004A2FE1 /* SBJsonStreamParserAdapter.m */ = {isa = PBXFileReference; fileEncoding = 4; lastKnownFileType = sourcecode.c.objc; path = SBJsonStreamParserAdapter.m; sourceTree = "<group>"; };
		5F9A0E8317846B94004A2FE1 /* SBJsonStreamParserState.h */ = {isa = PBXFileReference; fileEncoding = 4; lastKnownFileType = sourcecode.c.h; path = SBJsonStreamParserState.h; sourceTree = "<group>"; };
		5F9A0E8417846B94004A2FE1 /* SBJsonStreamParserState.m */ = {isa = PBXFileReference; fileEncoding = 4; lastKnownFileType = sourcecode.c.objc; path = SBJsonStreamParserState.m; sourceTree = "<group>"; };
		5F9A0E8517846B94004A2FE1 /* SBJsonStreamWriter.h */ = {isa = PBXFileReference; fileEncoding = 4; lastKnownFileType = sourcecode.c.h; path = SBJsonStreamWriter.h; sourceTree = "<group>"; };
		5F9A0E8617846B94004A2FE1 /* SBJsonStreamWriter.m */ = {isa = PBXFileReference; fileEncoding = 4; lastKnownFileType = sourcecode.c.objc; path = SBJsonStreamWriter.m; sourceTree = "<group>"; };
		5F9A0E8717846B94004A2FE1 /* SBJsonStreamWriterAccumulator.h */ = {isa = PBXFileReference; fileEncoding = 4; lastKnownFileType = sourcecode.c.h; path = SBJsonStreamWriterAccumulator.h; sourceTree = "<group>"; };
		5F9A0E8817846B94004A2FE1 /* SBJsonStreamWriterAccumulator.m */ = {isa = PBXFileReference; fileEncoding = 4; lastKnownFileType = sourcecode.c.objc; path = SBJsonStreamWriterAccumulator.m; sourceTree = "<group>"; };
		5F9A0E8917846B94004A2FE1 /* SBJsonStreamWriterState.h */ = {isa = PBXFileReference; fileEncoding = 4; lastKnownFileType = sourcecode.c.h; path = SBJsonStreamWriterState.h; sourceTree = "<group>"; };
		5F9A0E8A17846B94004A2FE1 /* SBJsonStreamWriterState.m */ = {isa = PBXFileReference; fileEncoding = 4; lastKnownFileType = sourcecode.c.objc; path = SBJsonStreamWriterState.m; sourceTree = "<group>"; };
		5F9A0E8B17846B94004A2FE1 /* SBJsonTokeniser.h */ = {isa = PBXFileReference; fileEncoding = 4; lastKnownFileType = sourcecode.c.h; path = SBJsonTokeniser.h; sourceTree = "<group>"; };
		5F9A0E8C17846B94004A2FE1 /* SBJsonTokeniser.m */ = {isa = PBXFileReference; fileEncoding = 4; lastKnownFileType = sourcecode.c.objc; path = SBJsonTokeniser.m; sourceTree = "<group>"; };
		5F9A0E8D17846B94004A2FE1 /* SBJsonUTF8Stream.h */ = {isa = PBXFileReference; fileEncoding = 4; lastKnownFileType = sourcecode.c.h; path = SBJsonUTF8Stream.h; sourceTree = "<group>"; };
		5F9A0E8E17846B94004A2FE1 /* SBJsonUTF8Stream.m */ = {isa = PBXFileReference; fileEncoding = 4; lastKnownFileType = sourcecode.c.objc; path = SBJsonUTF8Stream.m; sourceTree = "<group>"; };
		5F9A0E8F17846B94004A2FE1 /* SBJsonWriter.h */ = {isa = PBXFileReference; fileEncoding = 4; lastKnownFileType = sourcecode.c.h; path = SBJsonWriter.h; sourceTree = "<group>"; };
		5F9A0E9017846B94004A2FE1 /* SBJsonWriter.m */ = {isa = PBXFileReference; fileEncoding = 4; lastKnownFileType = sourcecode.c.objc; path = SBJsonWriter.m; sourceTree = "<group>"; };
		5F9A0E9D17846CAA004A2FE1 /* Paris.json */ = {isa = PBXFileReference; fileEncoding = 4; lastKnownFileType = text.json; path = Paris.json; sourceTree = "<group>"; };
		5F9A0E9F17846F65004A2FE1 /* TCVelibStation.h */ = {isa = PBXFileReference; fileEncoding = 4; lastKnownFileType = sourcecode.c.h; path = TCVelibStation.h; sourceTree = "<group>"; };
		5F9A0EA017846F65004A2FE1 /* TCVelibStation.m */ = {isa = PBXFileReference; fileEncoding = 4; lastKnownFileType = sourcecode.c.objc; path = TCVelibStation.m; sourceTree = "<group>"; };
		5F9A0EA2178472C5004A2FE1 /* TCTransportAnnotation.h */ = {isa = PBXFileReference; fileEncoding = 4; lastKnownFileType = sourcecode.c.h; path = TCTransportAnnotation.h; sourceTree = "<group>"; };
		5F9A0EA3178472C5004A2FE1 /* TCTransportAnnotation.m */ = {isa = PBXFileReference; fileEncoding = 4; lastKnownFileType = sourcecode.c.objc; path = TCTransportAnnotation.m; sourceTree = "<group>"; };
		5FA76F8B1784756800B2180D /* TCTransportAnnotationView.h */ = {isa = PBXFileReference; fileEncoding = 4; lastKnownFileType = sourcecode.c.h; path = TCTransportAnnotationView.h; sourceTree = "<group>"; };
		5FA76F8C1784756800B2180D /* TCTransportAnnotationView.m */ = {isa = PBXFileReference; fileEncoding = 4; lastKnownFileType = sourcecode.c.objc; path = TCTransportAnnotationView.m; sourceTree = "<group>"; };
		5FAA5A4F1781D1B2009ECDA4 /* TCRouteClient.h */ = {isa = PBXFileReference; fileEncoding = 4; lastKnownFileType = sourcecode.c.h; path = TCRouteClient.h; sourceTree = "<group>"; };
		5FAA5A501781D1B2009ECDA4 /* TCRouteClient.m */ = {isa = PBXFileReference; fileEncoding = 4; lastKnownFileType = sourcecode.c.objc; path = TCRouteClient.m; sourceTree = "<group>"; };
		5FAA5A521781D63E009ECDA4 /* NavitiaHTTPClient.h */ = {isa = PBXFileReference; fileEncoding = 4; lastKnownFileType = sourcecode.c.h; path = NavitiaHTTPClient.h; sourceTree = "<group>"; };
		5FAA5A531781D63E009ECDA4 /* NavitiaHTTPClient.m */ = {isa = PBXFileReference; fileEncoding = 4; lastKnownFileType = sourcecode.c.objc; path = NavitiaHTTPClient.m; sourceTree = "<group>"; };
/* End PBXFileReference section */

/* Begin PBXFrameworksBuildPhase section */
		0594D68F1771DD6E00744BF3 /* Frameworks */ = {
			isa = PBXFrameworksBuildPhase;
			buildActionMask = 2147483647;
			files = (
				0594D6CB1771E14F00744BF3 /* CoreLocation.framework in Frameworks */,
				0594D6C91771E14800744BF3 /* MapKit.framework in Frameworks */,
				0594D6961771DD6E00744BF3 /* UIKit.framework in Frameworks */,
				0594D6981771DD6E00744BF3 /* Foundation.framework in Frameworks */,
				0594D69A1771DD6E00744BF3 /* CoreGraphics.framework in Frameworks */,
			);
			runOnlyForDeploymentPostprocessing = 0;
		};
/* End PBXFrameworksBuildPhase section */

/* Begin PBXGroup section */
		053AC4481772583500CD8C3F /* Dependencies */ = {
			isa = PBXGroup;
			children = (
				05EA91DA1778ED4B00DC2619 /* TCServerClient */,
				053AC462177258EA00CD8C3F /* AFNetworking */,
				5F9A0E7717846B94004A2FE1 /* SBJson */,
			);
			name = Dependencies;
			sourceTree = "<group>";
		};
		053AC462177258EA00CD8C3F /* AFNetworking */ = {
			isa = PBXGroup;
			children = (
				053AC463177258EA00CD8C3F /* AFHTTPClient.h */,
				053AC464177258EA00CD8C3F /* AFHTTPClient.m */,
				053AC465177258EA00CD8C3F /* AFHTTPRequestOperation.h */,
				053AC466177258EA00CD8C3F /* AFHTTPRequestOperation.m */,
				053AC467177258EA00CD8C3F /* AFImageRequestOperation.h */,
				053AC468177258EA00CD8C3F /* AFImageRequestOperation.m */,
				053AC469177258EA00CD8C3F /* AFJSONRequestOperation.h */,
				053AC46A177258EA00CD8C3F /* AFJSONRequestOperation.m */,
				053AC46B177258EA00CD8C3F /* AFNetworkActivityIndicatorManager.h */,
				053AC46C177258EA00CD8C3F /* AFNetworkActivityIndicatorManager.m */,
				053AC46D177258EA00CD8C3F /* AFNetworking.h */,
				053AC46E177258EA00CD8C3F /* AFPropertyListRequestOperation.h */,
				053AC46F177258EA00CD8C3F /* AFPropertyListRequestOperation.m */,
				053AC470177258EA00CD8C3F /* AFURLConnectionOperation.h */,
				053AC471177258EA00CD8C3F /* AFURLConnectionOperation.m */,
				053AC472177258EA00CD8C3F /* AFXMLRequestOperation.h */,
				053AC473177258EA00CD8C3F /* AFXMLRequestOperation.m */,
				053AC474177258EA00CD8C3F /* UIImageView+AFNetworking.h */,
				053AC475177258EA00CD8C3F /* UIImageView+AFNetworking.m */,
			);
			name = AFNetworking;
			path = ../../../TCClient/vendor/AFNetworking;
			sourceTree = "<group>";
		};
		0594D6891771DD6E00744BF3 = {
			isa = PBXGroup;
			children = (
				053AC4481772583500CD8C3F /* Dependencies */,
				0594D69B1771DD6E00744BF3 /* Tchillr */,
				0594D6941771DD6E00744BF3 /* Frameworks */,
				0594D6931771DD6E00744BF3 /* Products */,
			);
			sourceTree = "<group>";
		};
		0594D6931771DD6E00744BF3 /* Products */ = {
			isa = PBXGroup;
			children = (
				0594D6921771DD6E00744BF3 /* Tchillr.app */,
			);
			name = Products;
			sourceTree = "<group>";
		};
		0594D6941771DD6E00744BF3 /* Frameworks */ = {
			isa = PBXGroup;
			children = (
				0594D6CA1771E14F00744BF3 /* CoreLocation.framework */,
				0594D6C81771E14800744BF3 /* MapKit.framework */,
				0594D6951771DD6E00744BF3 /* UIKit.framework */,
				0594D6971771DD6E00744BF3 /* Foundation.framework */,
				0594D6991771DD6E00744BF3 /* CoreGraphics.framework */,
			);
			name = Frameworks;
			sourceTree = "<group>";
		};
		0594D69B1771DD6E00744BF3 /* Tchillr */ = {
			isa = PBXGroup;
			children = (
				0594D6C11771E00200744BF3 /* Classes */,
				0594D6B81771DF0C00744BF3 /* Resources */,
				0594D6A41771DD6E00744BF3 /* TCAppDelegate.h */,
				0594D6A51771DD6E00744BF3 /* TCAppDelegate.m */,
				0594D6AD1771DD6E00744BF3 /* MainStoryboard.storyboard */,
				0594D69C1771DD6E00744BF3 /* Supporting Files */,
			);
			path = Tchillr;
			sourceTree = "<group>";
		};
		0594D69C1771DD6E00744BF3 /* Supporting Files */ = {
			isa = PBXGroup;
			children = (
				5F9A0E4F178433FB004A2FE1 /* Paris.gpx */,
				5F9A0E9D17846CAA004A2FE1 /* Paris.json */,
				0594D69D1771DD6E00744BF3 /* Tchillr-Info.plist */,
				0594D69E1771DD6E00744BF3 /* InfoPlist.strings */,
				0594D6A11771DD6E00744BF3 /* main.m */,
				0594D6A31771DD6E00744BF3 /* Tchillr-Prefix.pch */,
			);
			name = "Supporting Files";
			sourceTree = "<group>";
		};
		0594D6B81771DF0C00744BF3 /* Resources */ = {
			isa = PBXGroup;
			children = (
				05A50494177E251500083CEF /* btn_heart_empty.png */,
				05A50495177E251500083CEF /* btn_heart_empty@2x.png */,
				05A50496177E251500083CEF /* btn_heart_highlighted.png */,
				05A50497177E251500083CEF /* btn_heart_highlighted@2x.png */,
				05A50498177E251600083CEF /* btn_heart_selected.png */,
				05A50499177E251600083CEF /* btn_heart_selected@2x.png */,
				5F435EC51779CFF700D99CA8 /* btn_tick.png */,
				5F435EC61779CFF700D99CA8 /* btn_tick@2x.png */,
				05EA92181779BBDC00DC2619 /* arrow_black.png */,
				05EA92191779BBDC00DC2619 /* arrow_black@2x.png */,
				05EA921A1779BBDC00DC2619 /* separator_horizontal.png */,
				05EA921B1779BBDC00DC2619 /* separator_horizontal@2x.png */,
				05EA920E17792C2D00DC2619 /* back.png */,
				05EA920F17792C2D00DC2619 /* back@2x.png */,
				05EA920217790C6300DC2619 /* arrow.png */,
				05EA920317790C6300DC2619 /* arrow@2x.png */,
				05EA920417790C6300DC2619 /* btn_heart_menu.png */,
				05EA920517790C6300DC2619 /* btn_heart_menu@2x.png */,
				05EA920617790C6300DC2619 /* btn_list.png */,
				05EA920717790C6300DC2619 /* btn_list@2x.png */,
				05EA91AE17731BA100DC2619 /* heart_selected.png */,
				05EA91AF17731BA100DC2619 /* heart_selected@2x.png */,
				05EA91B017731BA100DC2619 /* heart.png */,
				05EA91B117731BA100DC2619 /* heart@2x.png */,
				053AC3321772284800CD8C3F /* Icon.png */,
				053AC3331772284800CD8C3F /* Icon@2x.png */,
				0594D6BA1771DF8E00744BF3 /* Default-568h@2x.png */,
				0594D6BB1771DF8E00744BF3 /* Default.png */,
				0594D6BC1771DF8E00744BF3 /* Default@2x.png */,
				5F9A0E5717845CCA004A2FE1 /* arrow_route.png */,
				5F9A0E5817845CCB004A2FE1 /* arrow_route@2x.png */,
				5F9A0E5917845CCB004A2FE1 /* auto.png */,
				5F9A0E5A17845CCB004A2FE1 /* auto@2x.png */,
				5F9A0E5B17845CCB004A2FE1 /* bus.png */,
				5F9A0E5C17845CCB004A2FE1 /* bus@2x.png */,
				5F9A0E5D17845CCB004A2FE1 /* separator_vertical.png */,
				5F9A0E5E17845CCC004A2FE1 /* separator_vertical@2x.png */,
				5F9A0E5F17845CCC004A2FE1 /* velib.png */,
				5F9A0E6017845CCC004A2FE1 /* velib@2x.png */,
				5F9A0E6117845CCC004A2FE1 /* walker.png */,
				5F9A0E6217845CCC004A2FE1 /* walker@2x.png */,
				5F9A0E6F17845FD3004A2FE1 /* btn_bg_selected.png */,
				5F9A0E7017845FD4004A2FE1 /* btn_bg.png */,
				5F9A0E7117845FD4004A2FE1 /* btn_bg@2x.png */,
				5F9A0E7217845FD4004A2FE1 /* btn_bg_selected@2x.png */,
			);
			name = Resources;
			sourceTree = "<group>";
		};
		0594D6C11771E00200744BF3 /* Classes */ = {
			isa = PBXGroup;
			children = (
				5F435E921779AEEC00D99CA8 /* Model */,
				05EA91CA17748AEF00DC2619 /* Utils */,
				0594D6C41771E04100744BF3 /* Categories */,
				0594D6C31771E02E00744BF3 /* Views */,
				0594D6C21771E02400744BF3 /* Controllers */,
				053AC2F41771E54500CD8C3F /* TCConstants.h */,
			);
			name = Classes;
			sourceTree = "<group>";
		};
		0594D6C21771E02400744BF3 /* Controllers */ = {
			isa = PBXGroup;
			children = (
				0594D6B01771DD6E00744BF3 /* TCViewController.h */,
				0594D6B11771DD6E00744BF3 /* TCViewController.m */,
				0594D6C51771E13000744BF3 /* TCMapViewController.h */,
				0594D6C61771E13000744BF3 /* TCMapViewController.m */,
				05EA91C717747B3F00DC2619 /* TCActivityDetailViewController.h */,
				05EA91C817747B3F00DC2619 /* TCActivityDetailViewController.m */,
				5F435EC21779CF4600D99CA8 /* TCTastesViewController.h */,
				5F435EC31779CF4600D99CA8 /* TCTastesViewController.m */,
				05BDD603177AFC5800CF282E /* TCRouteViewController.h */,
				05BDD604177AFC5800CF282E /* TCRouteViewController.m */,
			);
			name = Controllers;
			sourceTree = "<group>";
		};
		0594D6C31771E02E00744BF3 /* Views */ = {
			isa = PBXGroup;
			children = (
				5FA76F8A1784752100B2180D /* Routes */,
				05EA91B61773249800DC2619 /* TCActivityCollectionViewCell.h */,
				05EA91B71773249800DC2619 /* TCActivityCollectionViewCell.m */,
				05EA91D4177491C100DC2619 /* TCLocationAnnotationView.h */,
				05EA91D5177491C100DC2619 /* TCLocationAnnotationView.m */,
				05EA91FF1778FD5300DC2619 /* TCCalloutAnnotationView.h */,
				05EA92001778FD5300DC2619 /* TCCalloutAnnotationView.m */,
				05EA921217792CF700DC2619 /* TCTriangleView.h */,
				05EA921317792CF700DC2619 /* TCTriangleView.m */,
				5F435EC91779D42400D99CA8 /* TCTastesCollectionViewCell.h */,
				5F435ECA1779D42400D99CA8 /* TCTastesCollectionViewCell.m */,
				05EA92361779F7FF00DC2619 /* Activity Detail */,
				05EA92351779F7F100DC2619 /* Map */,
				05BDD609177B9F6F00CF282E /* TCActivityDetailResizableCell.h */,
				05BDD60A177B9F6F00CF282E /* TCActivityDetailResizableCell.m */,
			);
			name = Views;
			sourceTree = "<group>";
		};
		0594D6C41771E04100744BF3 /* Categories */ = {
			isa = PBXGroup;
			children = (
				5F435E8F1779AA9300D99CA8 /* UIColor+Tchillr.h */,
				5F435E901779AA9300D99CA8 /* UIColor+Tchillr.m */,
				05EA92231779D3E500DC2619 /* UITableViewCell+Tchillr.h */,
				05EA92241779D3E500DC2619 /* UITableViewCell+Tchillr.m */,
				05BDD60C177BA54500CF282E /* UILabel+Tchillr.h */,
				05BDD60D177BA54600CF282E /* UILabel+Tchillr.m */,
				05A5048E177DE5BE00083CEF /* UICollectionViewCell+Tchillr.h */,
				05A5048F177DE5BE00083CEF /* UICollectionViewCell+Tchillr.m */,
			);
			name = Categories;
			sourceTree = "<group>";
		};
		05EA91CA17748AEF00DC2619 /* Utils */ = {
			isa = PBXGroup;
			children = (
			);
			name = Utils;
			sourceTree = "<group>";
		};
		05EA91DA1778ED4B00DC2619 /* TCServerClient */ = {
			isa = PBXGroup;
			children = (
				05A88A7E1781D362002DFE94 /* TCMedia.h */,
				05A88A7F1781D362002DFE94 /* TCMedia.m */,
				05EA91F31778F1FE00DC2619 /* TCObject.h */,
				05EA91F41778F1FE00DC2619 /* TCObject.m */,
				05EA91F51778F1FE00DC2619 /* TCOccurence.h */,
				05EA91F61778F1FE00DC2619 /* TCOccurence.m */,
				05EA91F71778F1FE00DC2619 /* TCTag.h */,
				05EA91F81778F1FE00DC2619 /* TCTag.m */,
				05EA91F91778F1FE00DC2619 /* TCTheme.h */,
				05EA91FA1778F1FE00DC2619 /* TCTheme.m */,
				05EA91F01778F0C200DC2619 /* TCActivity.h */,
				05EA91F11778F0C200DC2619 /* TCActivity.m */,
				05EA91DB1778ED7000DC2619 /* TCServerClient.h */,
				05EA91DC1778ED7000DC2619 /* TCServerClient.m */,
			);
			name = TCServerClient;
			sourceTree = "<group>";
		};
		05EA92351779F7F100DC2619 /* Map */ = {
			isa = PBXGroup;
			children = (
				05EA91D4177491C100DC2619 /* TCLocationAnnotationView.h */,
				05EA91D5177491C100DC2619 /* TCLocationAnnotationView.m */,
				05EA91FF1778FD5300DC2619 /* TCCalloutAnnotationView.h */,
				05EA92001778FD5300DC2619 /* TCCalloutAnnotationView.m */,
				05EA91B61773249800DC2619 /* TCActivityCollectionViewCell.h */,
				05EA91B71773249800DC2619 /* TCActivityCollectionViewCell.m */,
			);
			name = Map;
			sourceTree = "<group>";
		};
		05EA92361779F7FF00DC2619 /* Activity Detail */ = {
			isa = PBXGroup;
			children = (
				05EA921217792CF700DC2619 /* TCTriangleView.h */,
				05EA921317792CF700DC2619 /* TCTriangleView.m */,
				05EA92151779B9A900DC2619 /* TCActivityDetailViewHeader.h */,
				05EA92161779B9A900DC2619 /* TCActivityDetailViewHeader.m */,
				05EA92201779D3C700DC2619 /* TCAddressTableViewCell.h */,
				05EA92211779D3C800DC2619 /* TCAddressTableViewCell.m */,
				05EA92261779DC4700DC2619 /* TCTagsTableViewCell.h */,
				05EA92271779DC4700DC2619 /* TCTagsTableViewCell.m */,
				05EA922F1779F7CA00DC2619 /* TCAttendanceTableViewCell.h */,
				05EA92301779F7CB00DC2619 /* TCAttendanceTableViewCell.m */,
				05EA92321779F7E500DC2619 /* TCGalleryTableViewCell.h */,
				05EA92331779F7E600DC2619 /* TCGalleryTableViewCell.m */,
				05EA9237177A20EB00DC2619 /* TCDescriptionTableViewCell.h */,
				05EA9238177A20EB00DC2619 /* TCDescriptionTableViewCell.m */,
				05BDD60F177BC13700CF282E /* TCActivityDetailViewHeader.xib */,
				05A50491177DE8C000083CEF /* TCActivityTagsCollectionViewCell.h */,
				05A50492177DE8C100083CEF /* TCActivityTagsCollectionViewCell.m */,
				05A889871781B7D9002DFE94 /* TCActivityGalleryCollectionViewCell.h */,
				05A889881781B7DA002DFE94 /* TCActivityGalleryCollectionViewCell.m */,
			);
			name = "Activity Detail";
			sourceTree = "<group>";
		};
		5F435E921779AEEC00D99CA8 /* Model */ = {
			isa = PBXGroup;
			children = (
				5FAA5A4E1781D19D009ECDA4 /* Routes */,
				053AC2F51772112000CD8C3F /* TCLocationAnnotation.h */,
				053AC2F61772112000CD8C3F /* TCLocationAnnotation.m */,
				05EA91D717789A2700DC2619 /* TCCalloutAnnotation.h */,
				05EA91D817789A2700DC2619 /* TCCalloutAnnotation.m */,
			);
			name = Model;
			sourceTree = "<group>";
		};
		5F9A0E7717846B94004A2FE1 /* SBJson */ = {
			isa = PBXGroup;
			children = (
				5F9A0E7817846B94004A2FE1 /* NSObject+SBJson.h */,
				5F9A0E7917846B94004A2FE1 /* NSObject+SBJson.m */,
				5F9A0E7A17846B94004A2FE1 /* SBJson.h */,
				5F9A0E7B17846B94004A2FE1 /* SBJsonParser.h */,
				5F9A0E7C17846B94004A2FE1 /* SBJsonParser.m */,
				5F9A0E7D17846B94004A2FE1 /* SBJsonStreamParser.h */,
				5F9A0E7E17846B94004A2FE1 /* SBJsonStreamParser.m */,
				5F9A0E7F17846B94004A2FE1 /* SBJsonStreamParserAccumulator.h */,
				5F9A0E8017846B94004A2FE1 /* SBJsonStreamParserAccumulator.m */,
				5F9A0E8117846B94004A2FE1 /* SBJsonStreamParserAdapter.h */,
				5F9A0E8217846B94004A2FE1 /* SBJsonStreamParserAdapter.m */,
				5F9A0E8317846B94004A2FE1 /* SBJsonStreamParserState.h */,
				5F9A0E8417846B94004A2FE1 /* SBJsonStreamParserState.m */,
				5F9A0E8517846B94004A2FE1 /* SBJsonStreamWriter.h */,
				5F9A0E8617846B94004A2FE1 /* SBJsonStreamWriter.m */,
				5F9A0E8717846B94004A2FE1 /* SBJsonStreamWriterAccumulator.h */,
				5F9A0E8817846B94004A2FE1 /* SBJsonStreamWriterAccumulator.m */,
				5F9A0E8917846B94004A2FE1 /* SBJsonStreamWriterState.h */,
				5F9A0E8A17846B94004A2FE1 /* SBJsonStreamWriterState.m */,
				5F9A0E8B17846B94004A2FE1 /* SBJsonTokeniser.h */,
				5F9A0E8C17846B94004A2FE1 /* SBJsonTokeniser.m */,
				5F9A0E8D17846B94004A2FE1 /* SBJsonUTF8Stream.h */,
				5F9A0E8E17846B94004A2FE1 /* SBJsonUTF8Stream.m */,
				5F9A0E8F17846B94004A2FE1 /* SBJsonWriter.h */,
				5F9A0E9017846B94004A2FE1 /* SBJsonWriter.m */,
			);
			name = SBJson;
			path = ../vendor/SBJson;
			sourceTree = "<group>";
		};
		5FA76F8A1784752100B2180D /* Routes */ = {
			isa = PBXGroup;
			children = (
				5FA76F8B1784756800B2180D /* TCTransportAnnotationView.h */,
				5FA76F8C1784756800B2180D /* TCTransportAnnotationView.m */,
			);
			name = Routes;
			sourceTree = "<group>";
		};
		5FAA5A4E1781D19D009ECDA4 /* Routes */ = {
			isa = PBXGroup;
			children = (
				5F9A0E5417844C4C004A2FE1 /* TCRoute.h */,
				5FAA5A4F1781D1B2009ECDA4 /* TCRouteClient.h */,
				5FAA5A501781D1B2009ECDA4 /* TCRouteClient.m */,
				5FAA5A521781D63E009ECDA4 /* NavitiaHTTPClient.h */,
				5FAA5A531781D63E009ECDA4 /* NavitiaHTTPClient.m */,
				5F9A0E511784463C004A2FE1 /* TCWalkingRoute.h */,
				5F9A0E521784463C004A2FE1 /* TCWalkingRoute.m */,
				5F9A0E9F17846F65004A2FE1 /* TCVelibStation.h */,
				5F9A0EA017846F65004A2FE1 /* TCVelibStation.m */,
				5F9A0EA2178472C5004A2FE1 /* TCTransportAnnotation.h */,
				5F9A0EA3178472C5004A2FE1 /* TCTransportAnnotation.m */,
			);
			name = Routes;
			sourceTree = "<group>";
		};
/* End PBXGroup section */

/* Begin PBXNativeTarget section */
		0594D6911771DD6E00744BF3 /* Tchillr */ = {
			isa = PBXNativeTarget;
			buildConfigurationList = 0594D6B51771DD6E00744BF3 /* Build configuration list for PBXNativeTarget "Tchillr" */;
			buildPhases = (
				0594D68E1771DD6E00744BF3 /* Sources */,
				0594D68F1771DD6E00744BF3 /* Frameworks */,
				0594D6901771DD6E00744BF3 /* Resources */,
			);
			buildRules = (
			);
			dependencies = (
			);
			name = Tchillr;
			productName = Tchillr;
			productReference = 0594D6921771DD6E00744BF3 /* Tchillr.app */;
			productType = "com.apple.product-type.application";
		};
/* End PBXNativeTarget section */

/* Begin PBXProject section */
		0594D68A1771DD6E00744BF3 /* Project object */ = {
			isa = PBXProject;
			attributes = {
				CLASSPREFIX = TC;
				LastUpgradeCheck = 0460;
				ORGANIZATIONNAME = Tchillr;
			};
			buildConfigurationList = 0594D68D1771DD6E00744BF3 /* Build configuration list for PBXProject "Tchillr" */;
			compatibilityVersion = "Xcode 3.2";
			developmentRegion = English;
			hasScannedForEncodings = 0;
			knownRegions = (
				en,
			);
			mainGroup = 0594D6891771DD6E00744BF3;
			productRefGroup = 0594D6931771DD6E00744BF3 /* Products */;
			projectDirPath = "";
			projectRoot = "";
			targets = (
				0594D6911771DD6E00744BF3 /* Tchillr */,
			);
		};
/* End PBXProject section */

/* Begin PBXResourcesBuildPhase section */
		0594D6901771DD6E00744BF3 /* Resources */ = {
			isa = PBXResourcesBuildPhase;
			buildActionMask = 2147483647;
			files = (
				0594D6A01771DD6E00744BF3 /* InfoPlist.strings in Resources */,
				0594D6AF1771DD6E00744BF3 /* MainStoryboard.storyboard in Resources */,
				0594D6BE1771DF8E00744BF3 /* Default-568h@2x.png in Resources */,
				0594D6BF1771DF8E00744BF3 /* Default.png in Resources */,
				0594D6C01771DF8E00744BF3 /* Default@2x.png in Resources */,
				053AC3341772284800CD8C3F /* Icon.png in Resources */,
				053AC3351772284800CD8C3F /* Icon@2x.png in Resources */,
				05EA91B217731BA100DC2619 /* heart_selected.png in Resources */,
				05EA91B317731BA100DC2619 /* heart_selected@2x.png in Resources */,
				05EA91B417731BA100DC2619 /* heart.png in Resources */,
				05EA91B517731BA100DC2619 /* heart@2x.png in Resources */,
				05EA920817790C6300DC2619 /* arrow.png in Resources */,
				05EA920917790C6300DC2619 /* arrow@2x.png in Resources */,
				05EA920A17790C6300DC2619 /* btn_heart_menu.png in Resources */,
				05EA920B17790C6300DC2619 /* btn_heart_menu@2x.png in Resources */,
				05EA920C17790C6300DC2619 /* btn_list.png in Resources */,
				05EA920D17790C6300DC2619 /* btn_list@2x.png in Resources */,
				05EA921017792C2D00DC2619 /* back.png in Resources */,
				05EA921117792C2D00DC2619 /* back@2x.png in Resources */,
				5F435EC71779CFF700D99CA8 /* btn_tick.png in Resources */,
				5F435EC81779CFF700D99CA8 /* btn_tick@2x.png in Resources */,
				05EA921C1779BBDC00DC2619 /* arrow_black.png in Resources */,
				05EA921D1779BBDC00DC2619 /* arrow_black@2x.png in Resources */,
				05EA921E1779BBDC00DC2619 /* separator_horizontal.png in Resources */,
				05EA921F1779BBDC00DC2619 /* separator_horizontal@2x.png in Resources */,
				05BDD610177BC13800CF282E /* TCActivityDetailViewHeader.xib in Resources */,
				05A5049A177E251600083CEF /* btn_heart_empty.png in Resources */,
				05A5049B177E251600083CEF /* btn_heart_empty@2x.png in Resources */,
				05A5049C177E251600083CEF /* btn_heart_highlighted.png in Resources */,
				05A5049D177E251600083CEF /* btn_heart_highlighted@2x.png in Resources */,
				05A5049E177E251600083CEF /* btn_heart_selected.png in Resources */,
				05A5049F177E251600083CEF /* btn_heart_selected@2x.png in Resources */,
				5F9A0E50178433FB004A2FE1 /* Paris.gpx in Resources */,
				5F9A0E6317845CCC004A2FE1 /* arrow_route.png in Resources */,
				5F9A0E6417845CCC004A2FE1 /* arrow_route@2x.png in Resources */,
				5F9A0E6517845CCC004A2FE1 /* auto.png in Resources */,
				5F9A0E6617845CCC004A2FE1 /* auto@2x.png in Resources */,
				5F9A0E6717845CCC004A2FE1 /* bus.png in Resources */,
				5F9A0E6817845CCC004A2FE1 /* bus@2x.png in Resources */,
				5F9A0E6917845CCC004A2FE1 /* separator_vertical.png in Resources */,
				5F9A0E6A17845CCC004A2FE1 /* separator_vertical@2x.png in Resources */,
				5F9A0E6B17845CCC004A2FE1 /* velib.png in Resources */,
				5F9A0E6C17845CCC004A2FE1 /* velib@2x.png in Resources */,
				5F9A0E6D17845CCC004A2FE1 /* walker.png in Resources */,
				5F9A0E6E17845CCC004A2FE1 /* walker@2x.png in Resources */,
				5F9A0E7317845FD4004A2FE1 /* btn_bg_selected.png in Resources */,
				5F9A0E7417845FD4004A2FE1 /* btn_bg.png in Resources */,
				5F9A0E7517845FD4004A2FE1 /* btn_bg@2x.png in Resources */,
				5F9A0E7617845FD4004A2FE1 /* btn_bg_selected@2x.png in Resources */,
				5F9A0E9E17846CAA004A2FE1 /* Paris.json in Resources */,
			);
			runOnlyForDeploymentPostprocessing = 0;
		};
/* End PBXResourcesBuildPhase section */

/* Begin PBXSourcesBuildPhase section */
		0594D68E1771DD6E00744BF3 /* Sources */ = {
			isa = PBXSourcesBuildPhase;
			buildActionMask = 2147483647;
			files = (
				0594D6A21771DD6E00744BF3 /* main.m in Sources */,
				0594D6A61771DD6E00744BF3 /* TCAppDelegate.m in Sources */,
				0594D6B21771DD6E00744BF3 /* TCViewController.m in Sources */,
				0594D6C71771E13000744BF3 /* TCMapViewController.m in Sources */,
				053AC2F71772112000CD8C3F /* TCLocationAnnotation.m in Sources */,
				053AC476177258EA00CD8C3F /* AFHTTPClient.m in Sources */,
				053AC477177258EA00CD8C3F /* AFHTTPRequestOperation.m in Sources */,
				053AC478177258EA00CD8C3F /* AFImageRequestOperation.m in Sources */,
				053AC479177258EA00CD8C3F /* AFJSONRequestOperation.m in Sources */,
				053AC47A177258EA00CD8C3F /* AFNetworkActivityIndicatorManager.m in Sources */,
				053AC47B177258EA00CD8C3F /* AFPropertyListRequestOperation.m in Sources */,
				053AC47C177258EA00CD8C3F /* AFURLConnectionOperation.m in Sources */,
				053AC47D177258EA00CD8C3F /* AFXMLRequestOperation.m in Sources */,
				053AC47E177258EA00CD8C3F /* UIImageView+AFNetworking.m in Sources */,
				05EA91B81773249800DC2619 /* TCActivityCollectionViewCell.m in Sources */,
				05EA91C917747B3F00DC2619 /* TCActivityDetailViewController.m in Sources */,
				05EA91D6177491C200DC2619 /* TCLocationAnnotationView.m in Sources */,
				05EA91D917789A2700DC2619 /* TCCalloutAnnotation.m in Sources */,
				05EA91DD1778ED7000DC2619 /* TCServerClient.m in Sources */,
				05EA91F21778F0C200DC2619 /* TCActivity.m in Sources */,
				05EA91FB1778F1FF00DC2619 /* TCObject.m in Sources */,
				05EA91FC1778F1FF00DC2619 /* TCOccurence.m in Sources */,
				05EA91FD1778F1FF00DC2619 /* TCTag.m in Sources */,
				05EA91FE1778F1FF00DC2619 /* TCTheme.m in Sources */,
				05EA92011778FD5300DC2619 /* TCCalloutAnnotationView.m in Sources */,
				05EA921417792CF800DC2619 /* TCTriangleView.m in Sources */,
				5F435E911779AA9300D99CA8 /* UIColor+Tchillr.m in Sources */,
				5F435EC41779CF4600D99CA8 /* TCTastesViewController.m in Sources */,
				5F435ECB1779D42400D99CA8 /* TCTastesCollectionViewCell.m in Sources */,
				05EA92171779B9A900DC2619 /* TCActivityDetailViewHeader.m in Sources */,
				05EA92221779D3C900DC2619 /* TCAddressTableViewCell.m in Sources */,
				05EA92251779D3E500DC2619 /* UITableViewCell+Tchillr.m in Sources */,
				05EA92281779DC4800DC2619 /* TCTagsTableViewCell.m in Sources */,
				05EA92311779F7CC00DC2619 /* TCAttendanceTableViewCell.m in Sources */,
				05EA92341779F7E700DC2619 /* TCGalleryTableViewCell.m in Sources */,
				05EA9239177A20EC00DC2619 /* TCDescriptionTableViewCell.m in Sources */,
				05BDD605177AFC5800CF282E /* TCRouteViewController.m in Sources */,
				05BDD60B177B9F6F00CF282E /* TCActivityDetailResizableCell.m in Sources */,
				05BDD60E177BA54600CF282E /* UILabel+Tchillr.m in Sources */,
				05A50490177DE5BE00083CEF /* UICollectionViewCell+Tchillr.m in Sources */,
				05A50493177DE8C100083CEF /* TCActivityTagsCollectionViewCell.m in Sources */,
				05A889891781B7DA002DFE94 /* TCActivityGalleryCollectionViewCell.m in Sources */,
				5FAA5A511781D1B2009ECDA4 /* TCRouteClient.m in Sources */,
				5FAA5A541781D63E009ECDA4 /* NavitiaHTTPClient.m in Sources */,
				05A88A801781D362002DFE94 /* TCMedia.m in Sources */,
				5F9A0E531784463C004A2FE1 /* TCWalkingRoute.m in Sources */,
				5F9A0E9117846B94004A2FE1 /* NSObject+SBJson.m in Sources */,
				5F9A0E9217846B94004A2FE1 /* SBJsonParser.m in Sources */,
				5F9A0E9317846B94004A2FE1 /* SBJsonStreamParser.m in Sources */,
				5F9A0E9417846B94004A2FE1 /* SBJsonStreamParserAccumulator.m in Sources */,
				5F9A0E9517846B94004A2FE1 /* SBJsonStreamParserAdapter.m in Sources */,
				5F9A0E9617846B94004A2FE1 /* SBJsonStreamParserState.m in Sources */,
				5F9A0E9717846B94004A2FE1 /* SBJsonStreamWriter.m in Sources */,
				5F9A0E9817846B94004A2FE1 /* SBJsonStreamWriterAccumulator.m in Sources */,
				5F9A0E9917846B94004A2FE1 /* SBJsonStreamWriterState.m in Sources */,
				5F9A0E9A17846B94004A2FE1 /* SBJsonTokeniser.m in Sources */,
				5F9A0E9B17846B94004A2FE1 /* SBJsonUTF8Stream.m in Sources */,
				5F9A0E9C17846B94004A2FE1 /* SBJsonWriter.m in Sources */,
				5F9A0EA117846F65004A2FE1 /* TCVelibStation.m in Sources */,
				5F9A0EA4178472C6004A2FE1 /* TCTransportAnnotation.m in Sources */,
				5FA76F8D1784756800B2180D /* TCTransportAnnotationView.m in Sources */,
			);
			runOnlyForDeploymentPostprocessing = 0;
		};
/* End PBXSourcesBuildPhase section */

/* Begin PBXVariantGroup section */
		0594D69E1771DD6E00744BF3 /* InfoPlist.strings */ = {
			isa = PBXVariantGroup;
			children = (
				0594D69F1771DD6E00744BF3 /* en */,
			);
			name = InfoPlist.strings;
			sourceTree = "<group>";
		};
		0594D6AD1771DD6E00744BF3 /* MainStoryboard.storyboard */ = {
			isa = PBXVariantGroup;
			children = (
				0594D6AE1771DD6E00744BF3 /* en */,
			);
			name = MainStoryboard.storyboard;
			sourceTree = "<group>";
		};
/* End PBXVariantGroup section */

/* Begin XCBuildConfiguration section */
		0594D6B31771DD6E00744BF3 /* Debug */ = {
			isa = XCBuildConfiguration;
			buildSettings = {
				ALWAYS_SEARCH_USER_PATHS = NO;
				CLANG_CXX_LANGUAGE_STANDARD = "gnu++0x";
				CLANG_CXX_LIBRARY = "libc++";
				CLANG_ENABLE_OBJC_ARC = YES;
				CLANG_WARN_CONSTANT_CONVERSION = YES;
				CLANG_WARN_EMPTY_BODY = YES;
				CLANG_WARN_ENUM_CONVERSION = YES;
				CLANG_WARN_INT_CONVERSION = YES;
				CLANG_WARN__DUPLICATE_METHOD_MATCH = YES;
				"CODE_SIGN_IDENTITY[sdk=iphoneos*]" = "iPhone Developer";
				COPY_PHASE_STRIP = NO;
				GCC_C_LANGUAGE_STANDARD = gnu99;
				GCC_DYNAMIC_NO_PIC = NO;
				GCC_OPTIMIZATION_LEVEL = 0;
				GCC_PREPROCESSOR_DEFINITIONS = (
					"DEBUG=1",
					"$(inherited)",
				);
				GCC_SYMBOLS_PRIVATE_EXTERN = NO;
				GCC_WARN_ABOUT_RETURN_TYPE = YES;
				GCC_WARN_UNINITIALIZED_AUTOS = YES;
				GCC_WARN_UNUSED_VARIABLE = YES;
				IPHONEOS_DEPLOYMENT_TARGET = 6.1;
				ONLY_ACTIVE_ARCH = YES;
				SDKROOT = iphoneos;
			};
			name = Debug;
		};
		0594D6B41771DD6E00744BF3 /* Release */ = {
			isa = XCBuildConfiguration;
			buildSettings = {
				ALWAYS_SEARCH_USER_PATHS = NO;
				CLANG_CXX_LANGUAGE_STANDARD = "gnu++0x";
				CLANG_CXX_LIBRARY = "libc++";
				CLANG_ENABLE_OBJC_ARC = YES;
				CLANG_WARN_CONSTANT_CONVERSION = YES;
				CLANG_WARN_EMPTY_BODY = YES;
				CLANG_WARN_ENUM_CONVERSION = YES;
				CLANG_WARN_INT_CONVERSION = YES;
				CLANG_WARN__DUPLICATE_METHOD_MATCH = YES;
				"CODE_SIGN_IDENTITY[sdk=iphoneos*]" = "iPhone Developer";
				COPY_PHASE_STRIP = YES;
				GCC_C_LANGUAGE_STANDARD = gnu99;
				GCC_WARN_ABOUT_RETURN_TYPE = YES;
				GCC_WARN_UNINITIALIZED_AUTOS = YES;
				GCC_WARN_UNUSED_VARIABLE = YES;
				IPHONEOS_DEPLOYMENT_TARGET = 6.1;
				OTHER_CFLAGS = "-DNS_BLOCK_ASSERTIONS=1";
				SDKROOT = iphoneos;
				VALIDATE_PRODUCT = YES;
			};
			name = Release;
		};
		0594D6B61771DD6E00744BF3 /* Debug */ = {
			isa = XCBuildConfiguration;
			buildSettings = {
				GCC_PRECOMPILE_PREFIX_HEADER = YES;
				GCC_PREFIX_HEADER = "Tchillr/Tchillr-Prefix.pch";
				INFOPLIST_FILE = "Tchillr/Tchillr-Info.plist";
				PRODUCT_NAME = "$(TARGET_NAME)";
				WRAPPER_EXTENSION = app;
			};
			name = Debug;
		};
		0594D6B71771DD6E00744BF3 /* Release */ = {
			isa = XCBuildConfiguration;
			buildSettings = {
				GCC_PRECOMPILE_PREFIX_HEADER = YES;
				GCC_PREFIX_HEADER = "Tchillr/Tchillr-Prefix.pch";
				INFOPLIST_FILE = "Tchillr/Tchillr-Info.plist";
				PRODUCT_NAME = "$(TARGET_NAME)";
				WRAPPER_EXTENSION = app;
			};
			name = Release;
		};
/* End XCBuildConfiguration section */

/* Begin XCConfigurationList section */
		0594D68D1771DD6E00744BF3 /* Build configuration list for PBXProject "Tchillr" */ = {
			isa = XCConfigurationList;
			buildConfigurations = (
				0594D6B31771DD6E00744BF3 /* Debug */,
				0594D6B41771DD6E00744BF3 /* Release */,
			);
			defaultConfigurationIsVisible = 0;
			defaultConfigurationName = Release;
		};
		0594D6B51771DD6E00744BF3 /* Build configuration list for PBXNativeTarget "Tchillr" */ = {
			isa = XCConfigurationList;
			buildConfigurations = (
				0594D6B61771DD6E00744BF3 /* Debug */,
				0594D6B71771DD6E00744BF3 /* Release */,
			);
			defaultConfigurationIsVisible = 0;
			defaultConfigurationName = Release;
		};
/* End XCConfigurationList section */
	};
	rootObject = 0594D68A1771DD6E00744BF3 /* Project object */;
}
